{
  "version": 4,
  "terraform_version": "1.3.5",
  "serial": 2114,
  "lineage": "373e5f53-d662-8199-dcb2-b844284d1aa8",
  "outputs": {
    "app_lb_frontend_ip_configuration": {
      "value": [
        [
          {
            "gateway_load_balancer_frontend_ip_configuration_id": "",
            "id": "/subscriptions/57498e65-d4a7-4935-b48b-a46c85d91999/resourceGroups/SAP-dev-RG-ljhddxea/providers/Microsoft.Network/loadBalancers/SAP-dev-app-lb/frontendIPConfigurations/app-lb-private-ip",
            "inbound_nat_rules": [],
            "load_balancer_rules": [],
            "name": "app-lb-private-ip",
            "outbound_rules": [],
            "private_ip_address": "10.0.11.241",
            "private_ip_address_allocation": "Static",
            "private_ip_address_version": "IPv4",
            "public_ip_address_id": "",
            "public_ip_prefix_id": "",
            "subnet_id": "/subscriptions/57498e65-d4a7-4935-b48b-a46c85d91999/resourceGroups/SAP-dev-RG-ljhddxea/providers/Microsoft.Network/virtualNetworks/SAP-dev-vnet/subnets/SAP-dev-vnet-app-subnet",
            "zones": null
          }
        ]
      ],
      "type": [
        "tuple",
        [
          [
            "list",
            [
              "object",
              {
                "gateway_load_balancer_frontend_ip_configuration_id": "string",
                "id": "string",
                "inbound_nat_rules": [
                  "set",
                  "string"
                ],
                "load_balancer_rules": [
                  "set",
                  "string"
                ],
                "name": "string",
                "outbound_rules": [
                  "set",
                  "string"
                ],
                "private_ip_address": "string",
                "private_ip_address_allocation": "string",
                "private_ip_address_version": "string",
                "public_ip_address_id": "string",
                "public_ip_prefix_id": "string",
                "subnet_id": "string",
                "zones": [
                  "set",
                  "string"
                ]
              }
            ]
          ]
        ]
      ]
    },
    "app_lb_id": {
      "value": {
        "edge_zone": "",
        "frontend_ip_configuration": [
          {
            "gateway_load_balancer_frontend_ip_configuration_id": "",
            "id": "/subscriptions/57498e65-d4a7-4935-b48b-a46c85d91999/resourceGroups/SAP-dev-RG-ljhddxea/providers/Microsoft.Network/loadBalancers/SAP-dev-app-lb/frontendIPConfigurations/app-lb-private-ip",
            "inbound_nat_rules": [],
            "load_balancer_rules": [],
            "name": "app-lb-private-ip",
            "outbound_rules": [],
            "private_ip_address": "10.0.11.241",
            "private_ip_address_allocation": "Static",
            "private_ip_address_version": "IPv4",
            "public_ip_address_id": "",
            "public_ip_prefix_id": "",
            "subnet_id": "/subscriptions/57498e65-d4a7-4935-b48b-a46c85d91999/resourceGroups/SAP-dev-RG-ljhddxea/providers/Microsoft.Network/virtualNetworks/SAP-dev-vnet/subnets/SAP-dev-vnet-app-subnet",
            "zones": null
          }
        ],
        "id": "/subscriptions/57498e65-d4a7-4935-b48b-a46c85d91999/resourceGroups/SAP-dev-RG-ljhddxea/providers/Microsoft.Network/loadBalancers/SAP-dev-app-lb",
        "location": "eastus",
        "name": "SAP-dev-app-lb",
        "private_ip_address": "10.0.11.241",
        "private_ip_addresses": [
          "10.0.11.241"
        ],
        "resource_group_name": "SAP-dev-RG-ljhddxea",
        "sku": "Standard",
        "sku_tier": "Regional",
        "tags": null,
        "timeouts": null
      },
      "type": [
        "object",
        {
          "edge_zone": "string",
          "frontend_ip_configuration": [
            "list",
            [
              "object",
              {
                "gateway_load_balancer_frontend_ip_configuration_id": "string",
                "id": "string",
                "inbound_nat_rules": [
                  "set",
                  "string"
                ],
                "load_balancer_rules": [
                  "set",
                  "string"
                ],
                "name": "string",
                "outbound_rules": [
                  "set",
                  "string"
                ],
                "private_ip_address": "string",
                "private_ip_address_allocation": "string",
                "private_ip_address_version": "string",
                "public_ip_address_id": "string",
                "public_ip_prefix_id": "string",
                "subnet_id": "string",
                "zones": [
                  "set",
                  "string"
                ]
              }
            ]
          ],
          "id": "string",
          "location": "string",
          "name": "string",
          "private_ip_address": "string",
          "private_ip_addresses": [
            "list",
            "string"
          ],
          "resource_group_name": "string",
          "sku": "string",
          "sku_tier": "string",
          "tags": [
            "map",
            "string"
          ],
          "timeouts": [
            "object",
            {
              "create": "string",
              "delete": "string",
              "read": "string",
              "update": "string"
            }
          ]
        }
      ]
    },
    "app_lb_private_ip_address": {
      "value": [
        "10.0.11.241"
      ],
      "type": [
        "tuple",
        [
          "string"
        ]
      ]
    },
    "app_vmss_id": {
      "value": "/subscriptions/57498e65-d4a7-4935-b48b-a46c85d91999/resourceGroups/SAP-dev-RG-ljhddxea/providers/Microsoft.Compute/virtualMachineScaleSets/SAP-dev-app-linuxvmss",
      "type": "string"
    },
    "nat_gw_pip": {
      "value": "52.147.200.152",
      "type": "string"
    },
    "natgw_id": {
      "value": "/subscriptions/57498e65-d4a7-4935-b48b-a46c85d91999/resourceGroups/SAP-dev-RG-ljhddxea/providers/Microsoft.Network/natGateways/app-natgw",
      "type": "string"
    },
    "storage_account_name": {
      "value": "staticwebsiteljhddxea",
      "type": "string"
    },
    "storage_account_primary_access_key": {
      "value": "BG8vS5GLjLgiGVTW5LgYlOXssMViyYIgdD19X+mHsnIf4dN+/rY72sYiR1Oa8Np3X55y0RxD3p/P+AStuhPsHg==",
      "type": "string",
      "sensitive": true
    },
    "storage_account_primary_web_host": {
      "value": "staticwebsiteljhddxea.z13.web.core.windows.net",
      "type": "string"
    },
    "storage_accout_primary_web_endpoint": {
      "value": "https://staticwebsiteljhddxea.z13.web.core.windows.net/",
      "type": "string"
    },
    "virtual_network_id": {
      "value": "/subscriptions/57498e65-d4a7-4935-b48b-a46c85d91999/resourceGroups/SAP-dev-RG-ljhddxea/providers/Microsoft.Network/virtualNetworks/SAP-dev-vnet",
      "type": "string"
    },
    "virtual_network_name": {
      "value": "SAP-dev-vnet",
      "type": "string"
    },
    "web_subnet_id": {
      "value": "/subscriptions/57498e65-d4a7-4935-b48b-a46c85d91999/resourceGroups/SAP-dev-RG-ljhddxea/providers/Microsoft.Network/virtualNetworks/SAP-dev-vnet/subnets/SAP-dev-vnet-web-subnet",
      "type": "string"
    },
    "web_subnet_name": {
      "value": "SAP-dev-vnet-web-subnet",
      "type": "string"
    },
    "web_subnet_nsg_id": {
      "value": "/subscriptions/57498e65-d4a7-4935-b48b-a46c85d91999/resourceGroups/SAP-dev-RG-ljhddxea/providers/Microsoft.Network/networkSecurityGroups/SAP-dev-vnet-web-subnet-nsg",
      "type": "string"
    },
    "web_subnet_nsg_name": {
      "value": "SAP-dev-vnet-web-subnet-nsg",
      "type": "string"
    }
  },
  "resources": [
    {
      "mode": "data",
      "type": "azurerm_dns_zone",
      "name": "dns_zone",
      "provider": "provider[\"registry.terraform.io/hashicorp/azurerm\"]",
      "instances": [
        {
          "schema_version": 0,
          "attributes": {
            "id": "/subscriptions/57498e65-d4a7-4935-b48b-a46c85d91999/resourceGroups/dns-rg/providers/Microsoft.Network/dnsZones/dineshkhanna.co.in",
            "max_number_of_record_sets": 10000,
            "name": "dineshkhanna.co.in",
            "name_servers": [
              "ns1-37.azure-dns.com.",
              "ns2-37.azure-dns.net.",
              "ns3-37.azure-dns.org.",
              "ns4-37.azure-dns.info."
            ],
            "number_of_record_sets": 2,
            "resource_group_name": "dns-rg",
            "tags": {},
            "timeouts": null
          },
          "sensitive_attributes": []
        }
      ]
    },
    {
      "mode": "managed",
      "type": "azurerm_bastion_host",
      "name": "bastion_host",
      "provider": "provider[\"registry.terraform.io/hashicorp/azurerm\"]",
      "instances": [
        {
          "schema_version": 0,
          "attributes": {
            "copy_paste_enabled": true,
            "dns_name": "bst-072aa129-e2e6-43d9-bbff-a7be0b681cb7.bastion.azure.com",
            "file_copy_enabled": false,
            "id": "/subscriptions/57498e65-d4a7-4935-b48b-a46c85d91999/resourceGroups/SAP-dev-RG-ljhddxea/providers/Microsoft.Network/bastionHosts/SAP-dev-bastion-host",
            "ip_configuration": [
              {
                "name": "configure",
                "public_ip_address_id": "/subscriptions/57498e65-d4a7-4935-b48b-a46c85d91999/resourceGroups/SAP-dev-RG-ljhddxea/providers/Microsoft.Network/publicIPAddresses/SAP-dev-bastion-svc-pip",
                "subnet_id": "/subscriptions/57498e65-d4a7-4935-b48b-a46c85d91999/resourceGroups/SAP-dev-RG-ljhddxea/providers/Microsoft.Network/virtualNetworks/SAP-dev-vnet/subnets/AzureBastionSubnet"
              }
            ],
            "ip_connect_enabled": false,
            "location": "eastus",
            "name": "SAP-dev-bastion-host",
            "resource_group_name": "SAP-dev-RG-ljhddxea",
            "scale_units": 2,
            "shareable_link_enabled": false,
            "sku": "Basic",
            "tags": null,
            "timeouts": null,
            "tunneling_enabled": false
          },
          "sensitive_attributes": [],
          "private": "eyJlMmJmYjczMC1lY2FhLTExZTYtOGY4OC0zNDM2M2JjN2M0YzAiOnsiY3JlYXRlIjoxODAwMDAwMDAwMDAwLCJkZWxldGUiOjE4MDAwMDAwMDAwMDAsInJlYWQiOjMwMDAwMDAwMDAwMCwidXBkYXRlIjoxODAwMDAwMDAwMDAwfX0=",
          "dependencies": [
            "azurerm_public_ip.bastion_svc_pip",
            "azurerm_resource_group.rg",
            "azurerm_subnet.bastion_service_snet",
            "azurerm_virtual_network.my-vnet1",
            "random_string.random"
          ]
        }
      ]
    },
    {
      "mode": "managed",
      "type": "azurerm_dns_a_record",
      "name": "dns_record",
      "provider": "provider[\"registry.terraform.io/hashicorp/azurerm\"]",
      "instances": [
        {
          "schema_version": 1,
          "attributes": {
            "fqdn": "dineshkhanna.co.in.",
            "id": "/subscriptions/57498e65-d4a7-4935-b48b-a46c85d91999/resourceGroups/dns-rg/providers/Microsoft.Network/dnsZones/dineshkhanna.co.in/A/@",
            "name": "@",
            "records": null,
            "resource_group_name": "dns-rg",
            "tags": null,
            "target_resource_id": "/subscriptions/57498e65-d4a7-4935-b48b-a46c85d91999/resourceGroups/SAP-dev-RG-ljhddxea/providers/Microsoft.Network/publicIPAddresses/SAP-dev-webvm-pip",
            "timeouts": null,
            "ttl": 300,
            "zone_name": "dineshkhanna.co.in"
          },
          "sensitive_attributes": [],
          "private": "eyJlMmJmYjczMC1lY2FhLTExZTYtOGY4OC0zNDM2M2JjN2M0YzAiOnsiY3JlYXRlIjoxODAwMDAwMDAwMDAwLCJkZWxldGUiOjE4MDAwMDAwMDAwMDAsInJlYWQiOjMwMDAwMDAwMDAwMCwidXBkYXRlIjoxODAwMDAwMDAwMDAwfSwic2NoZW1hX3ZlcnNpb24iOiIxIn0=",
          "dependencies": [
            "azurerm_lb.web-lb",
            "azurerm_public_ip.web_slbip",
            "azurerm_resource_group.rg",
            "data.azurerm_dns_zone.dns_zone",
            "random_string.random"
          ]
        }
      ]
    },
    {
      "mode": "managed",
      "type": "azurerm_dns_a_record",
      "name": "dns_record_www",
      "provider": "provider[\"registry.terraform.io/hashicorp/azurerm\"]",
      "instances": [
        {
          "schema_version": 1,
          "attributes": {
            "fqdn": "www.dineshkhanna.co.in.",
            "id": "/subscriptions/57498e65-d4a7-4935-b48b-a46c85d91999/resourceGroups/dns-rg/providers/Microsoft.Network/dnsZones/dineshkhanna.co.in/A/www",
            "name": "www",
            "records": null,
            "resource_group_name": "dns-rg",
            "tags": null,
            "target_resource_id": "/subscriptions/57498e65-d4a7-4935-b48b-a46c85d91999/resourceGroups/SAP-dev-RG-ljhddxea/providers/Microsoft.Network/publicIPAddresses/SAP-dev-webvm-pip",
            "timeouts": null,
            "ttl": 300,
            "zone_name": "dineshkhanna.co.in"
          },
          "sensitive_attributes": [],
          "private": "eyJlMmJmYjczMC1lY2FhLTExZTYtOGY4OC0zNDM2M2JjN2M0YzAiOnsiY3JlYXRlIjoxODAwMDAwMDAwMDAwLCJkZWxldGUiOjE4MDAwMDAwMDAwMDAsInJlYWQiOjMwMDAwMDAwMDAwMCwidXBkYXRlIjoxODAwMDAwMDAwMDAwfSwic2NoZW1hX3ZlcnNpb24iOiIxIn0=",
          "dependencies": [
            "azurerm_lb.web-lb",
            "azurerm_public_ip.web_slbip",
            "azurerm_resource_group.rg",
            "data.azurerm_dns_zone.dns_zone",
            "random_string.random"
          ]
        }
      ]
    },
    {
      "mode": "managed",
      "type": "azurerm_lb",
      "name": "app_lb",
      "provider": "provider[\"registry.terraform.io/hashicorp/azurerm\"]",
      "instances": [
        {
          "schema_version": 0,
          "attributes": {
            "edge_zone": "",
            "frontend_ip_configuration": [
              {
                "gateway_load_balancer_frontend_ip_configuration_id": "",
                "id": "/subscriptions/57498e65-d4a7-4935-b48b-a46c85d91999/resourceGroups/SAP-dev-RG-ljhddxea/providers/Microsoft.Network/loadBalancers/SAP-dev-app-lb/frontendIPConfigurations/app-lb-private-ip",
                "inbound_nat_rules": [],
                "load_balancer_rules": [],
                "name": "app-lb-private-ip",
                "outbound_rules": [],
                "private_ip_address": "10.0.11.241",
                "private_ip_address_allocation": "Static",
                "private_ip_address_version": "IPv4",
                "public_ip_address_id": "",
                "public_ip_prefix_id": "",
                "subnet_id": "/subscriptions/57498e65-d4a7-4935-b48b-a46c85d91999/resourceGroups/SAP-dev-RG-ljhddxea/providers/Microsoft.Network/virtualNetworks/SAP-dev-vnet/subnets/SAP-dev-vnet-app-subnet",
                "zones": null
              }
            ],
            "id": "/subscriptions/57498e65-d4a7-4935-b48b-a46c85d91999/resourceGroups/SAP-dev-RG-ljhddxea/providers/Microsoft.Network/loadBalancers/SAP-dev-app-lb",
            "location": "eastus",
            "name": "SAP-dev-app-lb",
            "private_ip_address": "10.0.11.241",
            "private_ip_addresses": [
              "10.0.11.241"
            ],
            "resource_group_name": "SAP-dev-RG-ljhddxea",
            "sku": "Standard",
            "sku_tier": "Regional",
            "tags": null,
            "timeouts": null
          },
          "sensitive_attributes": [],
          "private": "eyJlMmJmYjczMC1lY2FhLTExZTYtOGY4OC0zNDM2M2JjN2M0YzAiOnsiY3JlYXRlIjoxODAwMDAwMDAwMDAwLCJkZWxldGUiOjE4MDAwMDAwMDAwMDAsInJlYWQiOjMwMDAwMDAwMDAwMCwidXBkYXRlIjoxODAwMDAwMDAwMDAwfX0=",
          "dependencies": [
            "azurerm_resource_group.rg",
            "azurerm_subnet.app-subnet",
            "azurerm_virtual_network.my-vnet1",
            "random_string.random"
          ]
        }
      ]
    },
    {
      "mode": "managed",
      "type": "azurerm_lb",
      "name": "web-lb",
      "provider": "provider[\"registry.terraform.io/hashicorp/azurerm\"]",
      "instances": [
        {
          "schema_version": 0,
          "attributes": {
            "edge_zone": "",
            "frontend_ip_configuration": [
              {
                "gateway_load_balancer_frontend_ip_configuration_id": "",
                "id": "/subscriptions/57498e65-d4a7-4935-b48b-a46c85d91999/resourceGroups/SAP-dev-RG-ljhddxea/providers/Microsoft.Network/loadBalancers/SAP-dev-web-lb/frontendIPConfigurations/web-lb-pip",
                "inbound_nat_rules": [],
                "load_balancer_rules": [],
                "name": "web-lb-pip",
                "outbound_rules": [],
                "private_ip_address": "",
                "private_ip_address_allocation": "Dynamic",
                "private_ip_address_version": "",
                "public_ip_address_id": "/subscriptions/57498e65-d4a7-4935-b48b-a46c85d91999/resourceGroups/SAP-dev-RG-ljhddxea/providers/Microsoft.Network/publicIPAddresses/SAP-dev-webvm-pip",
                "public_ip_prefix_id": "",
                "subnet_id": "",
                "zones": null
              }
            ],
            "id": "/subscriptions/57498e65-d4a7-4935-b48b-a46c85d91999/resourceGroups/SAP-dev-RG-ljhddxea/providers/Microsoft.Network/loadBalancers/SAP-dev-web-lb",
            "location": "eastus",
            "name": "SAP-dev-web-lb",
            "private_ip_address": "",
            "private_ip_addresses": [],
            "resource_group_name": "SAP-dev-RG-ljhddxea",
            "sku": "Standard",
            "sku_tier": "Regional",
            "tags": null,
            "timeouts": null
          },
          "sensitive_attributes": [],
          "private": "eyJlMmJmYjczMC1lY2FhLTExZTYtOGY4OC0zNDM2M2JjN2M0YzAiOnsiY3JlYXRlIjoxODAwMDAwMDAwMDAwLCJkZWxldGUiOjE4MDAwMDAwMDAwMDAsInJlYWQiOjMwMDAwMDAwMDAwMCwidXBkYXRlIjoxODAwMDAwMDAwMDAwfX0=",
          "dependencies": [
            "azurerm_public_ip.web_slbip",
            "azurerm_resource_group.rg",
            "random_string.random"
          ]
        }
      ]
    },
    {
      "mode": "managed",
      "type": "azurerm_lb_backend_address_pool",
      "name": "app_lb_backend_address_pool",
      "provider": "provider[\"registry.terraform.io/hashicorp/azurerm\"]",
      "instances": [
        {
          "schema_version": 0,
          "attributes": {
            "backend_ip_configurations": [],
            "id": "/subscriptions/57498e65-d4a7-4935-b48b-a46c85d91999/resourceGroups/SAP-dev-RG-ljhddxea/providers/Microsoft.Network/loadBalancers/SAP-dev-app-lb/backendAddressPools/app-backend",
            "inbound_nat_rules": [],
            "load_balancing_rules": [],
            "loadbalancer_id": "/subscriptions/57498e65-d4a7-4935-b48b-a46c85d91999/resourceGroups/SAP-dev-RG-ljhddxea/providers/Microsoft.Network/loadBalancers/SAP-dev-app-lb",
            "name": "app-backend",
            "outbound_rules": [],
            "timeouts": null,
            "tunnel_interface": [],
            "virtual_network_id": ""
          },
          "sensitive_attributes": [],
          "private": "eyJlMmJmYjczMC1lY2FhLTExZTYtOGY4OC0zNDM2M2JjN2M0YzAiOnsiY3JlYXRlIjoxODAwMDAwMDAwMDAwLCJkZWxldGUiOjE4MDAwMDAwMDAwMDAsInJlYWQiOjMwMDAwMDAwMDAwMCwidXBkYXRlIjoxODAwMDAwMDAwMDAwfX0=",
          "dependencies": [
            "azurerm_lb.app_lb",
            "azurerm_resource_group.rg",
            "azurerm_subnet.app-subnet",
            "azurerm_virtual_network.my-vnet1",
            "random_string.random"
          ]
        }
      ]
    },
    {
      "mode": "managed",
      "type": "azurerm_lb_backend_address_pool",
      "name": "web-lb-pool",
      "provider": "provider[\"registry.terraform.io/hashicorp/azurerm\"]",
      "instances": [
        {
          "schema_version": 0,
          "attributes": {
            "backend_ip_configurations": [],
            "id": "/subscriptions/57498e65-d4a7-4935-b48b-a46c85d91999/resourceGroups/SAP-dev-RG-ljhddxea/providers/Microsoft.Network/loadBalancers/SAP-dev-web-lb/backendAddressPools/web-backed",
            "inbound_nat_rules": [],
            "load_balancing_rules": [],
            "loadbalancer_id": "/subscriptions/57498e65-d4a7-4935-b48b-a46c85d91999/resourceGroups/SAP-dev-RG-ljhddxea/providers/Microsoft.Network/loadBalancers/SAP-dev-web-lb",
            "name": "web-backed",
            "outbound_rules": [],
            "timeouts": null,
            "tunnel_interface": [],
            "virtual_network_id": ""
          },
          "sensitive_attributes": [],
          "private": "eyJlMmJmYjczMC1lY2FhLTExZTYtOGY4OC0zNDM2M2JjN2M0YzAiOnsiY3JlYXRlIjoxODAwMDAwMDAwMDAwLCJkZWxldGUiOjE4MDAwMDAwMDAwMDAsInJlYWQiOjMwMDAwMDAwMDAwMCwidXBkYXRlIjoxODAwMDAwMDAwMDAwfX0=",
          "dependencies": [
            "azurerm_lb.web-lb",
            "azurerm_public_ip.web_slbip",
            "azurerm_resource_group.rg",
            "random_string.random"
          ]
        }
      ]
    },
    {
      "mode": "managed",
      "type": "azurerm_lb_probe",
      "name": "app_lb_probe",
      "provider": "provider[\"registry.terraform.io/hashicorp/azurerm\"]",
      "instances": [
        {
          "schema_version": 0,
          "attributes": {
            "id": "/subscriptions/57498e65-d4a7-4935-b48b-a46c85d91999/resourceGroups/SAP-dev-RG-ljhddxea/providers/Microsoft.Network/loadBalancers/SAP-dev-app-lb/probes/tcp-probe",
            "interval_in_seconds": 15,
            "load_balancer_rules": [],
            "loadbalancer_id": "/subscriptions/57498e65-d4a7-4935-b48b-a46c85d91999/resourceGroups/SAP-dev-RG-ljhddxea/providers/Microsoft.Network/loadBalancers/SAP-dev-app-lb",
            "name": "tcp-probe",
            "number_of_probes": 2,
            "port": 80,
            "probe_threshold": 1,
            "protocol": "Tcp",
            "request_path": "",
            "timeouts": null
          },
          "sensitive_attributes": [],
          "private": "eyJlMmJmYjczMC1lY2FhLTExZTYtOGY4OC0zNDM2M2JjN2M0YzAiOnsiY3JlYXRlIjoxODAwMDAwMDAwMDAwLCJkZWxldGUiOjE4MDAwMDAwMDAwMDAsInJlYWQiOjMwMDAwMDAwMDAwMCwidXBkYXRlIjoxODAwMDAwMDAwMDAwfX0=",
          "dependencies": [
            "azurerm_lb.app_lb",
            "azurerm_resource_group.rg",
            "azurerm_subnet.app-subnet",
            "azurerm_virtual_network.my-vnet1",
            "random_string.random"
          ]
        }
      ]
    },
    {
      "mode": "managed",
      "type": "azurerm_lb_probe",
      "name": "web_lb_probe",
      "provider": "provider[\"registry.terraform.io/hashicorp/azurerm\"]",
      "instances": [
        {
          "schema_version": 0,
          "attributes": {
            "id": "/subscriptions/57498e65-d4a7-4935-b48b-a46c85d91999/resourceGroups/SAP-dev-RG-ljhddxea/providers/Microsoft.Network/loadBalancers/SAP-dev-web-lb/probes/tcp-probe",
            "interval_in_seconds": 15,
            "load_balancer_rules": [],
            "loadbalancer_id": "/subscriptions/57498e65-d4a7-4935-b48b-a46c85d91999/resourceGroups/SAP-dev-RG-ljhddxea/providers/Microsoft.Network/loadBalancers/SAP-dev-web-lb",
            "name": "tcp-probe",
            "number_of_probes": 2,
            "port": 80,
            "probe_threshold": 1,
            "protocol": "Tcp",
            "request_path": "",
            "timeouts": null
          },
          "sensitive_attributes": [],
          "private": "eyJlMmJmYjczMC1lY2FhLTExZTYtOGY4OC0zNDM2M2JjN2M0YzAiOnsiY3JlYXRlIjoxODAwMDAwMDAwMDAwLCJkZWxldGUiOjE4MDAwMDAwMDAwMDAsInJlYWQiOjMwMDAwMDAwMDAwMCwidXBkYXRlIjoxODAwMDAwMDAwMDAwfX0=",
          "dependencies": [
            "azurerm_lb.web-lb",
            "azurerm_public_ip.web_slbip",
            "azurerm_resource_group.rg",
            "random_string.random"
          ]
        }
      ]
    },
    {
      "mode": "managed",
      "type": "azurerm_lb_rule",
      "name": "app_lb_rule",
      "provider": "provider[\"registry.terraform.io/hashicorp/azurerm\"]",
      "instances": [
        {
          "schema_version": 0,
          "attributes": {
            "backend_address_pool_ids": [
              "/subscriptions/57498e65-d4a7-4935-b48b-a46c85d91999/resourceGroups/SAP-dev-RG-ljhddxea/providers/Microsoft.Network/loadBalancers/SAP-dev-app-lb/backendAddressPools/app-backend"
            ],
            "backend_port": 80,
            "disable_outbound_snat": false,
            "enable_floating_ip": false,
            "enable_tcp_reset": false,
            "frontend_ip_configuration_id": "/subscriptions/57498e65-d4a7-4935-b48b-a46c85d91999/resourceGroups/SAP-dev-RG-ljhddxea/providers/Microsoft.Network/loadBalancers/SAP-dev-app-lb/frontendIPConfigurations/app-lb-private-ip",
            "frontend_ip_configuration_name": "app-lb-private-ip",
            "frontend_port": 80,
            "id": "/subscriptions/57498e65-d4a7-4935-b48b-a46c85d91999/resourceGroups/SAP-dev-RG-ljhddxea/providers/Microsoft.Network/loadBalancers/SAP-dev-app-lb/loadBalancingRules/app-lb-rule",
            "idle_timeout_in_minutes": 4,
            "load_distribution": "Default",
            "loadbalancer_id": "/subscriptions/57498e65-d4a7-4935-b48b-a46c85d91999/resourceGroups/SAP-dev-RG-ljhddxea/providers/Microsoft.Network/loadBalancers/SAP-dev-app-lb",
            "name": "app-lb-rule",
            "probe_id": "/subscriptions/57498e65-d4a7-4935-b48b-a46c85d91999/resourceGroups/SAP-dev-RG-ljhddxea/providers/Microsoft.Network/loadBalancers/SAP-dev-app-lb/probes/tcp-probe",
            "protocol": "Tcp",
            "timeouts": null
          },
          "sensitive_attributes": [],
          "private": "eyJlMmJmYjczMC1lY2FhLTExZTYtOGY4OC0zNDM2M2JjN2M0YzAiOnsiY3JlYXRlIjoxODAwMDAwMDAwMDAwLCJkZWxldGUiOjE4MDAwMDAwMDAwMDAsInJlYWQiOjMwMDAwMDAwMDAwMCwidXBkYXRlIjoxODAwMDAwMDAwMDAwfX0=",
          "dependencies": [
            "azurerm_lb.app_lb",
            "azurerm_lb_backend_address_pool.app_lb_backend_address_pool",
            "azurerm_lb_probe.app_lb_probe",
            "azurerm_resource_group.rg",
            "azurerm_subnet.app-subnet",
            "azurerm_virtual_network.my-vnet1",
            "random_string.random"
          ]
        }
      ]
    },
    {
      "mode": "managed",
      "type": "azurerm_lb_rule",
      "name": "web_lb_rule_1",
      "provider": "provider[\"registry.terraform.io/hashicorp/azurerm\"]",
      "instances": [
        {
          "schema_version": 0,
          "attributes": {
            "backend_address_pool_ids": [
              "/subscriptions/57498e65-d4a7-4935-b48b-a46c85d91999/resourceGroups/SAP-dev-RG-ljhddxea/providers/Microsoft.Network/loadBalancers/SAP-dev-web-lb/backendAddressPools/web-backed"
            ],
            "backend_port": 80,
            "disable_outbound_snat": false,
            "enable_floating_ip": false,
            "enable_tcp_reset": false,
            "frontend_ip_configuration_id": "/subscriptions/57498e65-d4a7-4935-b48b-a46c85d91999/resourceGroups/SAP-dev-RG-ljhddxea/providers/Microsoft.Network/loadBalancers/SAP-dev-web-lb/frontendIPConfigurations/web-lb-pip",
            "frontend_ip_configuration_name": "web-lb-pip",
            "frontend_port": 80,
            "id": "/subscriptions/57498e65-d4a7-4935-b48b-a46c85d91999/resourceGroups/SAP-dev-RG-ljhddxea/providers/Microsoft.Network/loadBalancers/SAP-dev-web-lb/loadBalancingRules/web-slb-rule",
            "idle_timeout_in_minutes": 4,
            "load_distribution": "Default",
            "loadbalancer_id": "/subscriptions/57498e65-d4a7-4935-b48b-a46c85d91999/resourceGroups/SAP-dev-RG-ljhddxea/providers/Microsoft.Network/loadBalancers/SAP-dev-web-lb",
            "name": "web-slb-rule",
            "probe_id": "/subscriptions/57498e65-d4a7-4935-b48b-a46c85d91999/resourceGroups/SAP-dev-RG-ljhddxea/providers/Microsoft.Network/loadBalancers/SAP-dev-web-lb/probes/tcp-probe",
            "protocol": "Tcp",
            "timeouts": null
          },
          "sensitive_attributes": [],
          "private": "eyJlMmJmYjczMC1lY2FhLTExZTYtOGY4OC0zNDM2M2JjN2M0YzAiOnsiY3JlYXRlIjoxODAwMDAwMDAwMDAwLCJkZWxldGUiOjE4MDAwMDAwMDAwMDAsInJlYWQiOjMwMDAwMDAwMDAwMCwidXBkYXRlIjoxODAwMDAwMDAwMDAwfX0=",
          "dependencies": [
            "azurerm_lb.web-lb",
            "azurerm_lb_backend_address_pool.web-lb-pool",
            "azurerm_lb_probe.web_lb_probe",
            "azurerm_public_ip.web_slbip",
            "azurerm_resource_group.rg",
            "random_string.random"
          ]
        }
      ]
    },
    {
      "mode": "managed",
      "type": "azurerm_linux_virtual_machine",
      "name": "bastion-host-linuxvm",
      "provider": "provider[\"registry.terraform.io/hashicorp/azurerm\"]",
      "instances": [
        {
          "schema_version": 0,
          "attributes": {
            "additional_capabilities": [],
            "admin_password": null,
            "admin_ssh_key": [
              {
                "public_key": "ssh-rsa AAAAB3NzaC1yc2EAAAADAQABAAACAQDlxiUh/3KUONEKVqc0rtxqeYvnTCcsBOh8+K6dZcGYcXsO1Q1QsHoYtoAnZWddTukqvlzlvqJsO3Cw6e5YyGL/XEuzdXLruwylmtEkqlAh7Lc8j3iHQk6BE/T4lgs8Nck0M1Vk2OyyqsJopXjz58BH/GJCQqBeCwsQx2PTzdV1MGYe4KFJDLK5cjTIZCRXjl9HhoeF7bJ3Z/iM4OIfCsHd0xU81qF08Ccp5/VMHzGBrg0uMgfDem5ne/bTadO4rxpCAx2FHcmlQO1WwI1oGRCoM5oPNL95/R+BAPi86iJn4+PQMjMHtRikNTOopVNSb3RpTmm7F4IuK0RGIMaf4NqkQfcRuFRslo3YlZVkFdJ3hEdUW9zA36h0eqdA2d0b/pdNofKQ86v8D54GWbM++0PrYkmv+SUZoNBnVopwsCnAfDsBHNcxj+6SoDfByPzaCNdIZ3hVbAxMe5N77bxZjyddoQpYh6VSONkWspJlRxWaIs4l2jYLixUbuiMk6DStv/zaP2mPat8AjlHC7x2BILwONc/Hfmy2+VQU9igAf9FaSjmFUQGf0R+LuRQO2KRoMCfQ04PihyOLj2tX+ESox6KR9ApMpNAt6IuQfOK3WiyNQnKU4dDM6n6/HYJuWFVUNxg812thh508MHToQS1G6K/zbMGRxQtepDMmIMPLvNzgbQ== azureuser@myserver\n",
                "username": "azureuser"
              }
            ],
            "admin_username": "azureuser",
            "allow_extension_operations": true,
            "availability_set_id": "",
            "boot_diagnostics": [],
            "capacity_reservation_group_id": "",
            "computer_name": "SAP-dev-bastion-linuxvm",
            "custom_data": "IyEvYmluL3NoDQojc3VkbyB5dW0gdXBkYXRlIC15DQpzdWRvIHl1bSBpbnN0YWxsIC15IGh0dHBkDQpzdWRvIHN5c3RlbWN0bCBlbmFibGUgaHR0cGQNCnN1ZG8gc3lzdGVtY3RsIHN0YXJ0IGh0dHBkICANCnN1ZG8gc3lzdGVtY3RsIHN0b3AgZmlyZXdhbGxkDQpzdWRvIHN5c3RlbWN0bCBkaXNhYmxlIGZpcmV3YWxsZA0Kc3VkbyB5dW0gaW5zdGFsbCAteSB0ZWxuZXQNCnN1ZG8gY2htb2QgLVIgNzc3IC92YXIvd3d3L2h0bWwgDQpzdWRvIGVjaG8gIldlbGNvbWUgdG8gc3RhY2tzaW1wbGlmeSAtIEJhc3Rpb24gSG9zdCAtIFZNIEhvc3RuYW1lOiAkKGhvc3RuYW1lKSIgPiAvdmFyL3d3dy9odG1sL2luZGV4Lmh0bWwNCg==",
            "dedicated_host_group_id": "",
            "dedicated_host_id": "",
            "disable_password_authentication": true,
            "edge_zone": "",
            "encryption_at_host_enabled": false,
            "eviction_policy": "",
            "extensions_time_budget": "PT1H30M",
            "gallery_application": [],
            "id": "/subscriptions/57498e65-d4a7-4935-b48b-a46c85d91999/resourceGroups/SAP-dev-RG-ljhddxea/providers/Microsoft.Compute/virtualMachines/SAP-dev-bastion-linuxvm",
            "identity": [],
            "license_type": "",
            "location": "eastus",
            "max_bid_price": -1,
            "name": "SAP-dev-bastion-linuxvm",
            "network_interface_ids": [
              "/subscriptions/57498e65-d4a7-4935-b48b-a46c85d91999/resourceGroups/SAP-dev-RG-ljhddxea/providers/Microsoft.Network/networkInterfaces/SAP-dev-bastion-linuxvm-nic"
            ],
            "os_disk": [
              {
                "caching": "ReadWrite",
                "diff_disk_settings": [],
                "disk_encryption_set_id": "",
                "disk_size_gb": 30,
                "name": "SAP-dev-bastion-linuxvm_OsDisk_1_53a6b8fc782b47d79068cc8b696741f3",
                "secure_vm_disk_encryption_set_id": "",
                "security_encryption_type": "",
                "storage_account_type": "Standard_LRS",
                "write_accelerator_enabled": false
              }
            ],
            "patch_assessment_mode": "ImageDefault",
            "patch_mode": "ImageDefault",
            "plan": [],
            "platform_fault_domain": -1,
            "priority": "Regular",
            "private_ip_address": "10.0.100.4",
            "private_ip_addresses": [
              "10.0.100.4"
            ],
            "provision_vm_agent": true,
            "proximity_placement_group_id": "",
            "public_ip_address": "52.147.200.154",
            "public_ip_addresses": [
              "52.147.200.154"
            ],
            "resource_group_name": "SAP-dev-RG-ljhddxea",
            "secret": [],
            "secure_boot_enabled": false,
            "size": "Standard_DS1_v2",
            "source_image_id": "",
            "source_image_reference": [
              {
                "offer": "CentOS",
                "publisher": "OpenLogic",
                "sku": "8_5-gen2",
                "version": "latest"
              }
            ],
            "tags": null,
            "termination_notification": null,
            "timeouts": null,
            "user_data": "",
            "virtual_machine_id": "f700e3ae-8089-41a6-b8ce-6378ba3dbce8",
            "virtual_machine_scale_set_id": "",
            "vtpm_enabled": false,
            "zone": ""
          },
          "sensitive_attributes": [],
          "private": "eyJlMmJmYjczMC1lY2FhLTExZTYtOGY4OC0zNDM2M2JjN2M0YzAiOnsiY3JlYXRlIjoyNzAwMDAwMDAwMDAwLCJkZWxldGUiOjI3MDAwMDAwMDAwMDAsInJlYWQiOjMwMDAwMDAwMDAwMCwidXBkYXRlIjoyNzAwMDAwMDAwMDAwfX0=",
          "dependencies": [
            "azurerm_network_interface.bastion_host_linuxvm_nic",
            "azurerm_public_ip.bastion_host_pip",
            "azurerm_resource_group.rg",
            "azurerm_subnet.bastion-subnet",
            "azurerm_virtual_network.my-vnet1",
            "random_string.random"
          ]
        }
      ]
    },
    {
      "mode": "managed",
      "type": "azurerm_linux_virtual_machine_scale_set",
      "name": "app-linuxvmss",
      "provider": "provider[\"registry.terraform.io/hashicorp/azurerm\"]",
      "instances": [
        {
          "schema_version": 0,
          "attributes": {
            "additional_capabilities": [],
            "admin_password": null,
            "admin_ssh_key": [
              {
                "public_key": "ssh-rsa AAAAB3NzaC1yc2EAAAADAQABAAACAQDlxiUh/3KUONEKVqc0rtxqeYvnTCcsBOh8+K6dZcGYcXsO1Q1QsHoYtoAnZWddTukqvlzlvqJsO3Cw6e5YyGL/XEuzdXLruwylmtEkqlAh7Lc8j3iHQk6BE/T4lgs8Nck0M1Vk2OyyqsJopXjz58BH/GJCQqBeCwsQx2PTzdV1MGYe4KFJDLK5cjTIZCRXjl9HhoeF7bJ3Z/iM4OIfCsHd0xU81qF08Ccp5/VMHzGBrg0uMgfDem5ne/bTadO4rxpCAx2FHcmlQO1WwI1oGRCoM5oPNL95/R+BAPi86iJn4+PQMjMHtRikNTOopVNSb3RpTmm7F4IuK0RGIMaf4NqkQfcRuFRslo3YlZVkFdJ3hEdUW9zA36h0eqdA2d0b/pdNofKQ86v8D54GWbM++0PrYkmv+SUZoNBnVopwsCnAfDsBHNcxj+6SoDfByPzaCNdIZ3hVbAxMe5N77bxZjyddoQpYh6VSONkWspJlRxWaIs4l2jYLixUbuiMk6DStv/zaP2mPat8AjlHC7x2BILwONc/Hfmy2+VQU9igAf9FaSjmFUQGf0R+LuRQO2KRoMCfQ04PihyOLj2tX+ESox6KR9ApMpNAt6IuQfOK3WiyNQnKU4dDM6n6/HYJuWFVUNxg812thh508MHToQS1G6K/zbMGRxQtepDMmIMPLvNzgbQ== azureuser@myserver\n",
                "username": "azureuser"
              }
            ],
            "admin_username": "azureuser",
            "automatic_instance_repair": [
              {
                "enabled": false,
                "grace_period": "PT30M"
              }
            ],
            "automatic_os_upgrade_policy": [],
            "boot_diagnostics": [],
            "capacity_reservation_group_id": "",
            "computer_name_prefix": "SAP-dev-app-linuxvmss",
            "custom_data": "IyEvYmluL3NoDQpzdWRvIHl1bSBpbnN0YWxsIC15IGh0dHBkDQpzdWRvIHN5c3RlbWN0bCBlbmFibGUgaHR0cGQNCnN1ZG8gc3lzdGVtY3RsIHN0YXJ0IGh0dHBkICANCnN1ZG8gc3lzdGVtY3RsIHN0b3AgZmlyZXdhbGxkDQpzdWRvIHN5c3RlbWN0bCBkaXNhYmxlIGZpcmV3YWxsZA0Kc3VkbyBjaG1vZCAtUiA3NzcgL3Zhci93d3cvaHRtbCANCnN1ZG8gbWtkaXIgL3Zhci93d3cvaHRtbC9hcHB2bQ0Kc3VkbyBlY2hvICJXZWxjb21lIHRvIHN0YWNrc2ltcGxpZnkgLSBBcHBWTSBBcHAxIC0gVk0gSG9zdG5hbWU6ICQoaG9zdG5hbWUpIiA+IC92YXIvd3d3L2h0bWwvaW5kZXguaHRtbA0Kc3VkbyBlY2hvICJXZWxjb21lIHRvIHN0YWNrc2ltcGxpZnkgLSBBcHBWTSBBcHAxIC0gVk0gSG9zdG5hbWU6ICQoaG9zdG5hbWUpIiA+IC92YXIvd3d3L2h0bWwvYXBwdm0vaG9zdG5hbWUuaHRtbA0Kc3VkbyBlY2hvICJXZWxjb21lIHRvIHN0YWNrc2ltcGxpZnkgLSBBcHBWTSBBcHAxIC0gQXBwIFN0YXR1cyBQYWdlIiA+IC92YXIvd3d3L2h0bWwvYXBwdm0vc3RhdHVzLmh0bWwNCnN1ZG8gZWNobyAnPCFET0NUWVBFIGh0bWw+IDxodG1sPiA8Ym9keSBzdHlsZT0iYmFja2dyb3VuZC1jb2xvcjpyZ2IoMjU1LCA5OSwgNzEpOyI+IDxoMT5XZWxjb21lIHRvIFN0YWNrIFNpbXBsaWZ5IC0gQXBwVk0gQVBQLTEgPC9oMT4gPHA+VGVycmFmb3JtIERlbW88L3A+IDxwPkFwcGxpY2F0aW9uIFZlcnNpb246IFYxPC9wPiA8L2JvZHk+PC9odG1sPicgfCBzdWRvIHRlZSAvdmFyL3d3dy9odG1sL2FwcHZtL2luZGV4Lmh0bWwNCnN1ZG8gY3VybCAtSCAiTWV0YWRhdGE6dHJ1ZSIgLS1ub3Byb3h5ICIqIiAiaHR0cDovLzE2OS4yNTQuMTY5LjI1NC9tZXRhZGF0YS9pbnN0YW5jZT9hcGktdmVyc2lvbj0yMDIwLTA5LTAxIiAtbyAvdmFyL3d3dy9odG1sL2FwcHZtL21ldGFkYXRhLmh0bWwNCg==",
            "data_disk": [],
            "disable_password_authentication": true,
            "do_not_run_extensions_on_overprovisioned_machines": false,
            "edge_zone": "",
            "encryption_at_host_enabled": false,
            "eviction_policy": "",
            "extension": [],
            "extension_operations_enabled": true,
            "extensions_time_budget": "PT1H30M",
            "gallery_application": null,
            "gallery_applications": null,
            "health_probe_id": "",
            "host_group_id": null,
            "id": "/subscriptions/57498e65-d4a7-4935-b48b-a46c85d91999/resourceGroups/SAP-dev-RG-ljhddxea/providers/Microsoft.Compute/virtualMachineScaleSets/SAP-dev-app-linuxvmss",
            "identity": [],
            "instances": 3,
            "location": "eastus",
            "max_bid_price": -1,
            "name": "SAP-dev-app-linuxvmss",
            "network_interface": [
              {
                "dns_servers": null,
                "enable_accelerated_networking": false,
                "enable_ip_forwarding": false,
                "ip_configuration": [
                  {
                    "application_gateway_backend_address_pool_ids": null,
                    "application_security_group_ids": null,
                    "load_balancer_backend_address_pool_ids": [
                      "/subscriptions/57498e65-d4a7-4935-b48b-a46c85d91999/resourceGroups/SAP-dev-RG-ljhddxea/providers/Microsoft.Network/loadBalancers/SAP-dev-app-lb/backendAddressPools/app-backend"
                    ],
                    "load_balancer_inbound_nat_rules_ids": null,
                    "name": "internal",
                    "primary": true,
                    "public_ip_address": [],
                    "subnet_id": "/subscriptions/57498e65-d4a7-4935-b48b-a46c85d91999/resourceGroups/SAP-dev-RG-ljhddxea/providers/Microsoft.Network/virtualNetworks/SAP-dev-vnet/subnets/SAP-dev-vnet-app-subnet",
                    "version": "IPv4"
                  }
                ],
                "name": "app-linuxvmss",
                "network_security_group_id": "/subscriptions/57498e65-d4a7-4935-b48b-a46c85d91999/resourceGroups/SAP-dev-RG-ljhddxea/providers/Microsoft.Network/networkSecurityGroups/app-vmss-nsg",
                "primary": true
              }
            ],
            "os_disk": [
              {
                "caching": "ReadWrite",
                "diff_disk_settings": [],
                "disk_encryption_set_id": "",
                "disk_size_gb": 30,
                "secure_vm_disk_encryption_set_id": "",
                "security_encryption_type": "",
                "storage_account_type": "Standard_LRS",
                "write_accelerator_enabled": false
              }
            ],
            "overprovision": true,
            "plan": [],
            "platform_fault_domain_count": 0,
            "priority": "Regular",
            "provision_vm_agent": true,
            "proximity_placement_group_id": "",
            "resource_group_name": "SAP-dev-RG-ljhddxea",
            "rolling_upgrade_policy": [],
            "scale_in": [
              {
                "force_deletion_enabled": false,
                "rule": "Default"
              }
            ],
            "scale_in_policy": "Default",
            "secret": [],
            "secure_boot_enabled": false,
            "single_placement_group": true,
            "sku": "Standard_DS1_v2",
            "source_image_id": "",
            "source_image_reference": [
              {
                "offer": "CentOS",
                "publisher": "OpenLogic",
                "sku": "8_5-gen2",
                "version": "latest"
              }
            ],
            "spot_restore": null,
            "tags": null,
            "terminate_notification": null,
            "termination_notification": null,
            "timeouts": null,
            "unique_id": "b0e38dc8-ca1f-4909-8ffc-46bb3cae2842",
            "upgrade_mode": "Automatic",
            "user_data": "",
            "vtpm_enabled": false,
            "zone_balance": false,
            "zones": null
          },
          "sensitive_attributes": [],
          "private": "eyJlMmJmYjczMC1lY2FhLTExZTYtOGY4OC0zNDM2M2JjN2M0YzAiOnsiY3JlYXRlIjozNjAwMDAwMDAwMDAwLCJkZWxldGUiOjM2MDAwMDAwMDAwMDAsInJlYWQiOjMwMDAwMDAwMDAwMCwidXBkYXRlIjozNjAwMDAwMDAwMDAwfX0=",
          "dependencies": [
            "azurerm_lb.app_lb",
            "azurerm_lb_backend_address_pool.app_lb_backend_address_pool",
            "azurerm_network_security_group.app_vmss_nsg",
            "azurerm_resource_group.rg",
            "azurerm_subnet.app-subnet",
            "azurerm_virtual_network.my-vnet1",
            "random_string.random"
          ]
        }
      ]
    },
    {
      "mode": "managed",
      "type": "azurerm_linux_virtual_machine_scale_set",
      "name": "web-linuxvmss",
      "provider": "provider[\"registry.terraform.io/hashicorp/azurerm\"]",
      "instances": [
        {
          "schema_version": 0,
          "attributes": {
            "additional_capabilities": [],
            "admin_password": null,
            "admin_ssh_key": [
              {
                "public_key": "ssh-rsa AAAAB3NzaC1yc2EAAAADAQABAAACAQDlxiUh/3KUONEKVqc0rtxqeYvnTCcsBOh8+K6dZcGYcXsO1Q1QsHoYtoAnZWddTukqvlzlvqJsO3Cw6e5YyGL/XEuzdXLruwylmtEkqlAh7Lc8j3iHQk6BE/T4lgs8Nck0M1Vk2OyyqsJopXjz58BH/GJCQqBeCwsQx2PTzdV1MGYe4KFJDLK5cjTIZCRXjl9HhoeF7bJ3Z/iM4OIfCsHd0xU81qF08Ccp5/VMHzGBrg0uMgfDem5ne/bTadO4rxpCAx2FHcmlQO1WwI1oGRCoM5oPNL95/R+BAPi86iJn4+PQMjMHtRikNTOopVNSb3RpTmm7F4IuK0RGIMaf4NqkQfcRuFRslo3YlZVkFdJ3hEdUW9zA36h0eqdA2d0b/pdNofKQ86v8D54GWbM++0PrYkmv+SUZoNBnVopwsCnAfDsBHNcxj+6SoDfByPzaCNdIZ3hVbAxMe5N77bxZjyddoQpYh6VSONkWspJlRxWaIs4l2jYLixUbuiMk6DStv/zaP2mPat8AjlHC7x2BILwONc/Hfmy2+VQU9igAf9FaSjmFUQGf0R+LuRQO2KRoMCfQ04PihyOLj2tX+ESox6KR9ApMpNAt6IuQfOK3WiyNQnKU4dDM6n6/HYJuWFVUNxg812thh508MHToQS1G6K/zbMGRxQtepDMmIMPLvNzgbQ== azureuser@myserver\n",
                "username": "azureuser"
              }
            ],
            "admin_username": "azureuser",
            "automatic_instance_repair": [
              {
                "enabled": false,
                "grace_period": "PT30M"
              }
            ],
            "automatic_os_upgrade_policy": [],
            "boot_diagnostics": [],
            "capacity_reservation_group_id": "",
            "computer_name_prefix": "SAP-dev-web-linuxvmss",
            "custom_data": "IyEvYmluL3NoDQojc3VkbyB5dW0gdXBkYXRlIC15DQpzdWRvIHl1bSBpbnN0YWxsIC15IGNsb3VkLWluaXQNCnN1ZG8geXVtIGluc3RhbGwgLXkgaHR0cGQNCnN1ZG8gc3lzdGVtY3RsIGVuYWJsZSBodHRwZA0Kc3VkbyBzeXN0ZW1jdGwgc3RhcnQgaHR0cGQgIA0Kc3VkbyBzeXN0ZW1jdGwgc3RvcCBmaXJld2FsbGQNCnN1ZG8gc3lzdGVtY3RsIGRpc2FibGUgZmlyZXdhbGxkDQpzdWRvIGNobW9kIC1SIDc3NyAvdmFyL3d3dy9odG1sIA0Kc3VkbyBlY2hvICJXZWxjb21lIHRvIHN0YWNrc2ltcGxpZnkgLSBXZWJWTSBBcHAxIC0gVk0gSG9zdG5hbWU6ICQoaG9zdG5hbWUpIiA+IC92YXIvd3d3L2h0bWwvaW5kZXguaHRtbA0Kc3VkbyBta2RpciAvdmFyL3d3dy9odG1sL2FwcDENCnN1ZG8gZWNobyAiV2VsY29tZSB0byBzdGFja3NpbXBsaWZ5IC0gV2ViVk0gQXBwMSAtIFZNIEhvc3RuYW1lOiAkKGhvc3RuYW1lKSIgPiAvdmFyL3d3dy9odG1sL2FwcDEvaG9zdG5hbWUuaHRtbA0Kc3VkbyBlY2hvICJXZWxjb21lIHRvIHN0YWNrc2ltcGxpZnkgLSBXZWJWTSBBcHAxIC0gQXBwIFN0YXR1cyBQYWdlIiA+IC92YXIvd3d3L2h0bWwvYXBwMS9zdGF0dXMuaHRtbA0Kc3VkbyBlY2hvICc8IURPQ1RZUEUgaHRtbD4gPGh0bWw+IDxib2R5IHN0eWxlPSJiYWNrZ3JvdW5kLWNvbG9yOnJnYigyNTAsIDIxMCwgMjEwKTsiPiA8aDE+V2VsY29tZSB0byBTdGFjayBTaW1wbGlmeSAtIFdlYlZNIEFQUC0xIDwvaDE+IDxwPlRlcnJhZm9ybSBEZW1vPC9wPiA8cD5BcHBsaWNhdGlvbiBWZXJzaW9uOiBWMTwvcD4gPC9ib2R5PjwvaHRtbD4nIHwgc3VkbyB0ZWUgL3Zhci93d3cvaHRtbC9hcHAxL2luZGV4Lmh0bWwNCnN1ZG8gY3VybCAtSCAiTWV0YWRhdGE6dHJ1ZSIgLS1ub3Byb3h5ICIqIiAiaHR0cDovLzE2OS4yNTQuMTY5LjI1NC9tZXRhZGF0YS9pbnN0YW5jZT9hcGktdmVyc2lvbj0yMDIwLTA5LTAxIiAtbyAvdmFyL3d3dy9odG1sL2FwcDEvbWV0YWRhdGEuaHRtbA0Kc3VkbyBzaCAtYyAnZWNobyAtZSAiW2F6dXJlY2xpXQ0KbmFtZT1BenVyZSBDTEkNCmJhc2V1cmw9aHR0cHM6Ly9wYWNrYWdlcy5taWNyb3NvZnQuY29tL3l1bXJlcG9zL2F6dXJlLWNsaQ0KZW5hYmxlZD0xDQpncGdjaGVjaz0xDQpncGdrZXk9aHR0cHM6Ly9wYWNrYWdlcy5taWNyb3NvZnQuY29tL2tleXMvbWljcm9zb2Z0LmFzYyIgPiAvZXRjL3l1bS5yZXBvcy5kL2F6dXJlLWNsaS5yZXBvJw0Kc3VkbyB5dW0gaW5zdGFsbCAteSBhenVyZS1jbGkNCnN1ZG8gY2QgL2V0Yy9odHRwZC9jb25mLmQNCnN1ZG8gYXogc3RvcmFnZSBibG9iIGRvd25sb2FkIC1jIGh0dHBkLWZpbGVzLWNvbnRhaW5lciAtZiAvZXRjL2h0dHBkL2NvbmYuZC9hcHAxLmNvbmYgLW4gYXBwMS5jb25mIC0tYWNjb3VudC1uYW1lIHN0YXRpY3dlYnNpdGVsamhkZHhlYSAtLWFjY291bnQta2V5IEJHOHZTNUdMakxnaUdWVFc1TGdZbE9Yc3NNVml5WUlnZEQxOVgrbUhzbklmNGROKy9yWTcyc1lpUjFPYThOcDNYNTV5MFJ4RDNwL1ArQVN0dWhQc0hnPT0NCnN1ZG8gc3lzdGVtY3RsIHJlbG9hZCBodHRwZA0KL3Vzci9zYmluL3NldHNlYm9vbCAtUCBodHRwZF9jYW5fbmV0d29ya19jb25uZWN0IDENCg==",
            "data_disk": [],
            "disable_password_authentication": true,
            "do_not_run_extensions_on_overprovisioned_machines": false,
            "edge_zone": "",
            "encryption_at_host_enabled": false,
            "eviction_policy": "",
            "extension": [],
            "extension_operations_enabled": true,
            "extensions_time_budget": "PT1H30M",
            "gallery_application": null,
            "gallery_applications": null,
            "health_probe_id": "",
            "host_group_id": null,
            "id": "/subscriptions/57498e65-d4a7-4935-b48b-a46c85d91999/resourceGroups/SAP-dev-RG-ljhddxea/providers/Microsoft.Compute/virtualMachineScaleSets/SAP-dev-web-linuxvmss",
            "identity": [],
            "instances": 3,
            "location": "eastus",
            "max_bid_price": -1,
            "name": "SAP-dev-web-linuxvmss",
            "network_interface": [
              {
                "dns_servers": null,
                "enable_accelerated_networking": false,
                "enable_ip_forwarding": false,
                "ip_configuration": [
                  {
                    "application_gateway_backend_address_pool_ids": null,
                    "application_security_group_ids": null,
                    "load_balancer_backend_address_pool_ids": [
                      "/subscriptions/57498e65-d4a7-4935-b48b-a46c85d91999/resourceGroups/SAP-dev-RG-ljhddxea/providers/Microsoft.Network/loadBalancers/SAP-dev-web-lb/backendAddressPools/web-backed"
                    ],
                    "load_balancer_inbound_nat_rules_ids": null,
                    "name": "internal",
                    "primary": true,
                    "public_ip_address": [],
                    "subnet_id": "/subscriptions/57498e65-d4a7-4935-b48b-a46c85d91999/resourceGroups/SAP-dev-RG-ljhddxea/providers/Microsoft.Network/virtualNetworks/SAP-dev-vnet/subnets/SAP-dev-vnet-web-subnet",
                    "version": "IPv4"
                  }
                ],
                "name": "web-linuxvmss",
                "network_security_group_id": "/subscriptions/57498e65-d4a7-4935-b48b-a46c85d91999/resourceGroups/SAP-dev-RG-ljhddxea/providers/Microsoft.Network/networkSecurityGroups/SAP-dev-web-vmss-nsg",
                "primary": true
              }
            ],
            "os_disk": [
              {
                "caching": "ReadWrite",
                "diff_disk_settings": [],
                "disk_encryption_set_id": "",
                "disk_size_gb": 30,
                "secure_vm_disk_encryption_set_id": "",
                "security_encryption_type": "",
                "storage_account_type": "Standard_LRS",
                "write_accelerator_enabled": false
              }
            ],
            "overprovision": true,
            "plan": [],
            "platform_fault_domain_count": 0,
            "priority": "Regular",
            "provision_vm_agent": true,
            "proximity_placement_group_id": "",
            "resource_group_name": "SAP-dev-RG-ljhddxea",
            "rolling_upgrade_policy": [],
            "scale_in": [
              {
                "force_deletion_enabled": false,
                "rule": "Default"
              }
            ],
            "scale_in_policy": "Default",
            "secret": [],
            "secure_boot_enabled": false,
            "single_placement_group": true,
            "sku": "Standard_DS1_v2",
            "source_image_id": "",
            "source_image_reference": [
              {
                "offer": "CentOS",
                "publisher": "OpenLogic",
                "sku": "8_5-gen2",
                "version": "latest"
              }
            ],
            "spot_restore": null,
            "tags": null,
            "terminate_notification": null,
            "termination_notification": null,
            "timeouts": null,
            "unique_id": "a6d81970-dc5f-47de-ab5d-9677ad4689ca",
            "upgrade_mode": "Automatic",
            "user_data": "",
            "vtpm_enabled": false,
            "zone_balance": false,
            "zones": null
          },
          "sensitive_attributes": [
            [
              {
                "type": "get_attr",
                "value": "custom_data"
              }
            ]
          ],
          "private": "eyJlMmJmYjczMC1lY2FhLTExZTYtOGY4OC0zNDM2M2JjN2M0YzAiOnsiY3JlYXRlIjozNjAwMDAwMDAwMDAwLCJkZWxldGUiOjM2MDAwMDAwMDAwMDAsInJlYWQiOjMwMDAwMDAwMDAwMCwidXBkYXRlIjozNjAwMDAwMDAwMDAwfX0=",
          "dependencies": [
            "azurerm_lb.web-lb",
            "azurerm_lb_backend_address_pool.web-lb-pool",
            "azurerm_network_security_group.web_vmss_nsg",
            "azurerm_public_ip.web_slbip",
            "azurerm_resource_group.rg",
            "azurerm_storage_account.storage_account",
            "azurerm_storage_container.httpd_file_container",
            "azurerm_subnet.web-subnet",
            "azurerm_virtual_network.my-vnet1",
            "random_string.random"
          ]
        }
      ]
    },
    {
      "mode": "managed",
      "type": "azurerm_monitor_autoscale_setting",
      "name": "app_vmss_autoscale",
      "provider": "provider[\"registry.terraform.io/hashicorp/azurerm\"]",
      "instances": [
        {
          "schema_version": 2,
          "attributes": {
            "enabled": true,
            "id": "/subscriptions/57498e65-d4a7-4935-b48b-a46c85d91999/resourceGroups/SAP-dev-RG-ljhddxea/providers/Microsoft.Insights/autoScaleSettings/SAP-dev-app-vmss-autoscale",
            "location": "eastus",
            "name": "SAP-dev-app-vmss-autoscale",
            "notification": [
              {
                "email": [
                  {
                    "custom_emails": [
                      "dinesh.khannam@gmail.com"
                    ],
                    "send_to_subscription_administrator": true,
                    "send_to_subscription_co_administrator": true
                  }
                ],
                "webhook": []
              }
            ],
            "predictive": [],
            "profile": [
              {
                "capacity": [
                  {
                    "default": 2,
                    "maximum": 3,
                    "minimum": 1
                  }
                ],
                "fixed_date": [],
                "name": "default",
                "recurrence": [],
                "rule": [
                  {
                    "metric_trigger": [
                      {
                        "dimensions": [],
                        "divide_by_instance_count": false,
                        "metric_name": "Percentage CPU",
                        "metric_namespace": "microsoft.compute/virtualmachinescalesets",
                        "metric_resource_id": "/subscriptions/57498e65-d4a7-4935-b48b-a46c85d91999/resourceGroups/SAP-dev-RG-ljhddxea/providers/Microsoft.Compute/virtualMachineScaleSets/SAP-dev-app-linuxvmss",
                        "operator": "GreaterThan",
                        "statistic": "Average",
                        "threshold": 75,
                        "time_aggregation": "Average",
                        "time_grain": "PT1M",
                        "time_window": "PT5M"
                      }
                    ],
                    "scale_action": [
                      {
                        "cooldown": "PT5M",
                        "direction": "Increase",
                        "type": "ChangeCount",
                        "value": 1
                      }
                    ]
                  },
                  {
                    "metric_trigger": [
                      {
                        "dimensions": [],
                        "divide_by_instance_count": false,
                        "metric_name": "Percentage CPU",
                        "metric_namespace": "microsoft.compute/virtualmachinescalesets",
                        "metric_resource_id": "/subscriptions/57498e65-d4a7-4935-b48b-a46c85d91999/resourceGroups/SAP-dev-RG-ljhddxea/providers/Microsoft.Compute/virtualMachineScaleSets/SAP-dev-app-linuxvmss",
                        "operator": "LessThan",
                        "statistic": "Average",
                        "threshold": 25,
                        "time_aggregation": "Average",
                        "time_grain": "PT1M",
                        "time_window": "PT5M"
                      }
                    ],
                    "scale_action": [
                      {
                        "cooldown": "PT5M",
                        "direction": "Decrease",
                        "type": "ChangeCount",
                        "value": 1
                      }
                    ]
                  },
                  {
                    "metric_trigger": [
                      {
                        "dimensions": [],
                        "divide_by_instance_count": false,
                        "metric_name": "Available Memory Bytes",
                        "metric_namespace": "microsoft.compute/virtualmachinescalesets",
                        "metric_resource_id": "/subscriptions/57498e65-d4a7-4935-b48b-a46c85d91999/resourceGroups/SAP-dev-RG-ljhddxea/providers/Microsoft.Compute/virtualMachineScaleSets/SAP-dev-app-linuxvmss",
                        "operator": "LessThan",
                        "statistic": "Average",
                        "threshold": 1073741824,
                        "time_aggregation": "Average",
                        "time_grain": "PT1M",
                        "time_window": "PT5M"
                      }
                    ],
                    "scale_action": [
                      {
                        "cooldown": "PT5M",
                        "direction": "Increase",
                        "type": "ChangeCount",
                        "value": 1
                      }
                    ]
                  }
                ]
              }
            ],
            "resource_group_name": "SAP-dev-RG-ljhddxea",
            "tags": null,
            "target_resource_id": "/subscriptions/57498e65-d4a7-4935-b48b-a46c85d91999/resourceGroups/SAP-dev-RG-ljhddxea/providers/Microsoft.Compute/virtualMachineScaleSets/SAP-dev-app-linuxvmss",
            "timeouts": null
          },
          "sensitive_attributes": [],
          "private": "eyJlMmJmYjczMC1lY2FhLTExZTYtOGY4OC0zNDM2M2JjN2M0YzAiOnsiY3JlYXRlIjoxODAwMDAwMDAwMDAwLCJkZWxldGUiOjE4MDAwMDAwMDAwMDAsInJlYWQiOjMwMDAwMDAwMDAwMCwidXBkYXRlIjoxODAwMDAwMDAwMDAwfSwic2NoZW1hX3ZlcnNpb24iOiIyIn0=",
          "dependencies": [
            "azurerm_lb.app_lb",
            "azurerm_lb_backend_address_pool.app_lb_backend_address_pool",
            "azurerm_linux_virtual_machine_scale_set.app-linuxvmss",
            "azurerm_network_security_group.app_vmss_nsg",
            "azurerm_resource_group.rg",
            "azurerm_subnet.app-subnet",
            "azurerm_virtual_network.my-vnet1",
            "random_string.random"
          ]
        }
      ]
    },
    {
      "mode": "managed",
      "type": "azurerm_monitor_autoscale_setting",
      "name": "web_vmss_autoscale",
      "provider": "provider[\"registry.terraform.io/hashicorp/azurerm\"]",
      "instances": [
        {
          "schema_version": 2,
          "attributes": {
            "enabled": true,
            "id": "/subscriptions/57498e65-d4a7-4935-b48b-a46c85d91999/resourceGroups/SAP-dev-RG-ljhddxea/providers/Microsoft.Insights/autoScaleSettings/SAP-dev-web-vmss-autoscale",
            "location": "eastus",
            "name": "SAP-dev-web-vmss-autoscale",
            "notification": [
              {
                "email": [
                  {
                    "custom_emails": [
                      "dinesh.khannam@gmail.com"
                    ],
                    "send_to_subscription_administrator": true,
                    "send_to_subscription_co_administrator": true
                  }
                ],
                "webhook": []
              }
            ],
            "predictive": [],
            "profile": [
              {
                "capacity": [
                  {
                    "default": 2,
                    "maximum": 2,
                    "minimum": 1
                  }
                ],
                "fixed_date": [],
                "name": "default",
                "recurrence": [],
                "rule": [
                  {
                    "metric_trigger": [
                      {
                        "dimensions": [],
                        "divide_by_instance_count": false,
                        "metric_name": "Percentage CPU",
                        "metric_namespace": "microsoft.compute/virtualmachinescalesets",
                        "metric_resource_id": "/subscriptions/57498e65-d4a7-4935-b48b-a46c85d91999/resourceGroups/SAP-dev-RG-ljhddxea/providers/Microsoft.Compute/virtualMachineScaleSets/SAP-dev-web-linuxvmss",
                        "operator": "GreaterThan",
                        "statistic": "Average",
                        "threshold": 75,
                        "time_aggregation": "Average",
                        "time_grain": "PT1M",
                        "time_window": "PT5M"
                      }
                    ],
                    "scale_action": [
                      {
                        "cooldown": "PT5M",
                        "direction": "Increase",
                        "type": "ChangeCount",
                        "value": 1
                      }
                    ]
                  },
                  {
                    "metric_trigger": [
                      {
                        "dimensions": [],
                        "divide_by_instance_count": false,
                        "metric_name": "Percentage CPU",
                        "metric_namespace": "microsoft.compute/virtualmachinescalesets",
                        "metric_resource_id": "/subscriptions/57498e65-d4a7-4935-b48b-a46c85d91999/resourceGroups/SAP-dev-RG-ljhddxea/providers/Microsoft.Compute/virtualMachineScaleSets/SAP-dev-web-linuxvmss",
                        "operator": "LessThan",
                        "statistic": "Average",
                        "threshold": 25,
                        "time_aggregation": "Average",
                        "time_grain": "PT1M",
                        "time_window": "PT5M"
                      }
                    ],
                    "scale_action": [
                      {
                        "cooldown": "PT5M",
                        "direction": "Decrease",
                        "type": "ChangeCount",
                        "value": 1
                      }
                    ]
                  },
                  {
                    "metric_trigger": [
                      {
                        "dimensions": [],
                        "divide_by_instance_count": false,
                        "metric_name": "Available Memory Bytes",
                        "metric_namespace": "microsoft.compute/virtualmachinescalesets",
                        "metric_resource_id": "/subscriptions/57498e65-d4a7-4935-b48b-a46c85d91999/resourceGroups/SAP-dev-RG-ljhddxea/providers/Microsoft.Compute/virtualMachineScaleSets/SAP-dev-web-linuxvmss",
                        "operator": "LessThan",
                        "statistic": "Average",
                        "threshold": 1073741824,
                        "time_aggregation": "Average",
                        "time_grain": "PT1M",
                        "time_window": "PT5M"
                      }
                    ],
                    "scale_action": [
                      {
                        "cooldown": "PT5M",
                        "direction": "Increase",
                        "type": "ChangeCount",
                        "value": 1
                      }
                    ]
                  }
                ]
              }
            ],
            "resource_group_name": "SAP-dev-RG-ljhddxea",
            "tags": null,
            "target_resource_id": "/subscriptions/57498e65-d4a7-4935-b48b-a46c85d91999/resourceGroups/SAP-dev-RG-ljhddxea/providers/Microsoft.Compute/virtualMachineScaleSets/SAP-dev-web-linuxvmss",
            "timeouts": null
          },
          "sensitive_attributes": [],
          "private": "eyJlMmJmYjczMC1lY2FhLTExZTYtOGY4OC0zNDM2M2JjN2M0YzAiOnsiY3JlYXRlIjoxODAwMDAwMDAwMDAwLCJkZWxldGUiOjE4MDAwMDAwMDAwMDAsInJlYWQiOjMwMDAwMDAwMDAwMCwidXBkYXRlIjoxODAwMDAwMDAwMDAwfSwic2NoZW1hX3ZlcnNpb24iOiIyIn0=",
          "dependencies": [
            "azurerm_lb.web-lb",
            "azurerm_lb_backend_address_pool.web-lb-pool",
            "azurerm_linux_virtual_machine_scale_set.web-linuxvmss",
            "azurerm_network_security_group.web_vmss_nsg",
            "azurerm_public_ip.web_slbip",
            "azurerm_resource_group.rg",
            "azurerm_storage_account.storage_account",
            "azurerm_storage_container.httpd_file_container",
            "azurerm_subnet.web-subnet",
            "azurerm_virtual_network.my-vnet1",
            "random_string.random"
          ]
        }
      ]
    },
    {
      "mode": "managed",
      "type": "azurerm_nat_gateway",
      "name": "natgw",
      "provider": "provider[\"registry.terraform.io/hashicorp/azurerm\"]",
      "instances": [
        {
          "schema_version": 0,
          "attributes": {
            "id": "/subscriptions/57498e65-d4a7-4935-b48b-a46c85d91999/resourceGroups/SAP-dev-RG-ljhddxea/providers/Microsoft.Network/natGateways/app-natgw",
            "idle_timeout_in_minutes": 4,
            "location": "eastus",
            "name": "app-natgw",
            "resource_group_name": "SAP-dev-RG-ljhddxea",
            "resource_guid": "4a7943e8-5c88-4168-a6c5-b7c91eb8f29b",
            "sku_name": "Standard",
            "tags": null,
            "timeouts": null,
            "zones": null
          },
          "sensitive_attributes": [],
          "private": "eyJlMmJmYjczMC1lY2FhLTExZTYtOGY4OC0zNDM2M2JjN2M0YzAiOnsiY3JlYXRlIjozNjAwMDAwMDAwMDAwLCJkZWxldGUiOjM2MDAwMDAwMDAwMDAsInJlYWQiOjMwMDAwMDAwMDAwMCwidXBkYXRlIjozNjAwMDAwMDAwMDAwfX0=",
          "dependencies": [
            "azurerm_resource_group.rg",
            "random_string.random"
          ]
        }
      ]
    },
    {
      "mode": "managed",
      "type": "azurerm_nat_gateway_public_ip_association",
      "name": "natgw_pip_associate",
      "provider": "provider[\"registry.terraform.io/hashicorp/azurerm\"]",
      "instances": [
        {
          "schema_version": 0,
          "attributes": {
            "id": "/subscriptions/57498e65-d4a7-4935-b48b-a46c85d91999/resourceGroups/SAP-dev-RG-ljhddxea/providers/Microsoft.Network/natGateways/app-natgw|/subscriptions/57498e65-d4a7-4935-b48b-a46c85d91999/resourceGroups/SAP-dev-RG-ljhddxea/providers/Microsoft.Network/publicIPAddresses/SAP-dev-natgw-pip",
            "nat_gateway_id": "/subscriptions/57498e65-d4a7-4935-b48b-a46c85d91999/resourceGroups/SAP-dev-RG-ljhddxea/providers/Microsoft.Network/natGateways/app-natgw",
            "public_ip_address_id": "/subscriptions/57498e65-d4a7-4935-b48b-a46c85d91999/resourceGroups/SAP-dev-RG-ljhddxea/providers/Microsoft.Network/publicIPAddresses/SAP-dev-natgw-pip",
            "timeouts": null
          },
          "sensitive_attributes": [],
          "private": "eyJlMmJmYjczMC1lY2FhLTExZTYtOGY4OC0zNDM2M2JjN2M0YzAiOnsiY3JlYXRlIjoxODAwMDAwMDAwMDAwLCJkZWxldGUiOjE4MDAwMDAwMDAwMDAsInJlYWQiOjMwMDAwMDAwMDAwMH19",
          "dependencies": [
            "azurerm_nat_gateway.natgw",
            "azurerm_public_ip.natgw_pip",
            "azurerm_resource_group.rg",
            "random_string.random"
          ]
        }
      ]
    },
    {
      "mode": "managed",
      "type": "azurerm_network_interface",
      "name": "bastion_host_linuxvm_nic",
      "provider": "provider[\"registry.terraform.io/hashicorp/azurerm\"]",
      "instances": [
        {
          "schema_version": 0,
          "attributes": {
            "applied_dns_servers": [],
            "dns_servers": [],
            "edge_zone": "",
            "enable_accelerated_networking": false,
            "enable_ip_forwarding": false,
            "id": "/subscriptions/57498e65-d4a7-4935-b48b-a46c85d91999/resourceGroups/SAP-dev-RG-ljhddxea/providers/Microsoft.Network/networkInterfaces/SAP-dev-bastion-linuxvm-nic",
            "internal_dns_name_label": "",
            "internal_domain_name_suffix": "tn2kvgyeeaqezhyazkv4botlue.bx.internal.cloudapp.net",
            "ip_configuration": [
              {
                "gateway_load_balancer_frontend_ip_configuration_id": "",
                "name": "bastion-host-ip-1",
                "primary": true,
                "private_ip_address": "10.0.100.4",
                "private_ip_address_allocation": "Dynamic",
                "private_ip_address_version": "IPv4",
                "public_ip_address_id": "/subscriptions/57498e65-d4a7-4935-b48b-a46c85d91999/resourceGroups/SAP-dev-RG-ljhddxea/providers/Microsoft.Network/publicIPAddresses/SAP-dev-bastion-host-pip",
                "subnet_id": "/subscriptions/57498e65-d4a7-4935-b48b-a46c85d91999/resourceGroups/SAP-dev-RG-ljhddxea/providers/Microsoft.Network/virtualNetworks/SAP-dev-vnet/subnets/SAP-dev-vnet-bastion-subnet"
              }
            ],
            "location": "eastus",
            "mac_address": "",
            "name": "SAP-dev-bastion-linuxvm-nic",
            "private_ip_address": "10.0.100.4",
            "private_ip_addresses": [
              "10.0.100.4"
            ],
            "resource_group_name": "SAP-dev-RG-ljhddxea",
            "tags": null,
            "timeouts": null,
            "virtual_machine_id": ""
          },
          "sensitive_attributes": [],
          "private": "eyJlMmJmYjczMC1lY2FhLTExZTYtOGY4OC0zNDM2M2JjN2M0YzAiOnsiY3JlYXRlIjoxODAwMDAwMDAwMDAwLCJkZWxldGUiOjE4MDAwMDAwMDAwMDAsInJlYWQiOjMwMDAwMDAwMDAwMCwidXBkYXRlIjoxODAwMDAwMDAwMDAwfX0=",
          "dependencies": [
            "azurerm_public_ip.bastion_host_pip",
            "azurerm_resource_group.rg",
            "azurerm_subnet.bastion-subnet",
            "azurerm_virtual_network.my-vnet1",
            "random_string.random"
          ]
        }
      ]
    },
    {
      "mode": "managed",
      "type": "azurerm_network_interface",
      "name": "web_linux_nic",
      "provider": "provider[\"registry.terraform.io/hashicorp/azurerm\"]",
      "instances": [
        {
          "index_key": 0,
          "schema_version": 0,
          "attributes": {
            "applied_dns_servers": [],
            "dns_servers": [],
            "edge_zone": "",
            "enable_accelerated_networking": false,
            "enable_ip_forwarding": false,
            "id": "/subscriptions/57498e65-d4a7-4935-b48b-a46c85d91999/resourceGroups/SAP-dev-RG-ljhddxea/providers/Microsoft.Network/networkInterfaces/SAP-dev-web-linux-nic-0",
            "internal_dns_name_label": "",
            "internal_domain_name_suffix": "tn2kvgyeeaqezhyazkv4botlue.bx.internal.cloudapp.net",
            "ip_configuration": [
              {
                "gateway_load_balancer_frontend_ip_configuration_id": "",
                "name": "web-linuix-nic1",
                "primary": true,
                "private_ip_address": "10.0.1.12",
                "private_ip_address_allocation": "Dynamic",
                "private_ip_address_version": "IPv4",
                "public_ip_address_id": "",
                "subnet_id": "/subscriptions/57498e65-d4a7-4935-b48b-a46c85d91999/resourceGroups/SAP-dev-RG-ljhddxea/providers/Microsoft.Network/virtualNetworks/SAP-dev-vnet/subnets/SAP-dev-vnet-web-subnet"
              }
            ],
            "location": "eastus",
            "mac_address": "",
            "name": "SAP-dev-web-linux-nic-0",
            "private_ip_address": "10.0.1.12",
            "private_ip_addresses": [
              "10.0.1.12"
            ],
            "resource_group_name": "SAP-dev-RG-ljhddxea",
            "tags": null,
            "timeouts": null,
            "virtual_machine_id": ""
          },
          "sensitive_attributes": [],
          "private": "eyJlMmJmYjczMC1lY2FhLTExZTYtOGY4OC0zNDM2M2JjN2M0YzAiOnsiY3JlYXRlIjoxODAwMDAwMDAwMDAwLCJkZWxldGUiOjE4MDAwMDAwMDAwMDAsInJlYWQiOjMwMDAwMDAwMDAwMCwidXBkYXRlIjoxODAwMDAwMDAwMDAwfX0=",
          "dependencies": [
            "azurerm_resource_group.rg",
            "azurerm_subnet.web-subnet",
            "azurerm_virtual_network.my-vnet1",
            "random_string.random"
          ]
        },
        {
          "index_key": 1,
          "schema_version": 0,
          "attributes": {
            "applied_dns_servers": [],
            "dns_servers": [],
            "edge_zone": "",
            "enable_accelerated_networking": false,
            "enable_ip_forwarding": false,
            "id": "/subscriptions/57498e65-d4a7-4935-b48b-a46c85d91999/resourceGroups/SAP-dev-RG-ljhddxea/providers/Microsoft.Network/networkInterfaces/SAP-dev-web-linux-nic-1",
            "internal_dns_name_label": "",
            "internal_domain_name_suffix": "tn2kvgyeeaqezhyazkv4botlue.bx.internal.cloudapp.net",
            "ip_configuration": [
              {
                "gateway_load_balancer_frontend_ip_configuration_id": "",
                "name": "web-linuix-nic1",
                "primary": true,
                "private_ip_address": "10.0.1.13",
                "private_ip_address_allocation": "Dynamic",
                "private_ip_address_version": "IPv4",
                "public_ip_address_id": "",
                "subnet_id": "/subscriptions/57498e65-d4a7-4935-b48b-a46c85d91999/resourceGroups/SAP-dev-RG-ljhddxea/providers/Microsoft.Network/virtualNetworks/SAP-dev-vnet/subnets/SAP-dev-vnet-web-subnet"
              }
            ],
            "location": "eastus",
            "mac_address": "",
            "name": "SAP-dev-web-linux-nic-1",
            "private_ip_address": "10.0.1.13",
            "private_ip_addresses": [
              "10.0.1.13"
            ],
            "resource_group_name": "SAP-dev-RG-ljhddxea",
            "tags": null,
            "timeouts": null,
            "virtual_machine_id": ""
          },
          "sensitive_attributes": [],
          "private": "eyJlMmJmYjczMC1lY2FhLTExZTYtOGY4OC0zNDM2M2JjN2M0YzAiOnsiY3JlYXRlIjoxODAwMDAwMDAwMDAwLCJkZWxldGUiOjE4MDAwMDAwMDAwMDAsInJlYWQiOjMwMDAwMDAwMDAwMCwidXBkYXRlIjoxODAwMDAwMDAwMDAwfX0=",
          "dependencies": [
            "azurerm_resource_group.rg",
            "azurerm_subnet.web-subnet",
            "azurerm_virtual_network.my-vnet1",
            "random_string.random"
          ]
        },
        {
          "index_key": 2,
          "schema_version": 0,
          "attributes": {
            "applied_dns_servers": [],
            "dns_servers": [],
            "edge_zone": "",
            "enable_accelerated_networking": false,
            "enable_ip_forwarding": false,
            "id": "/subscriptions/57498e65-d4a7-4935-b48b-a46c85d91999/resourceGroups/SAP-dev-RG-ljhddxea/providers/Microsoft.Network/networkInterfaces/SAP-dev-web-linux-nic-2",
            "internal_dns_name_label": "",
            "internal_domain_name_suffix": "tn2kvgyeeaqezhyazkv4botlue.bx.internal.cloudapp.net",
            "ip_configuration": [
              {
                "gateway_load_balancer_frontend_ip_configuration_id": "",
                "name": "web-linuix-nic1",
                "primary": true,
                "private_ip_address": "10.0.1.11",
                "private_ip_address_allocation": "Dynamic",
                "private_ip_address_version": "IPv4",
                "public_ip_address_id": "",
                "subnet_id": "/subscriptions/57498e65-d4a7-4935-b48b-a46c85d91999/resourceGroups/SAP-dev-RG-ljhddxea/providers/Microsoft.Network/virtualNetworks/SAP-dev-vnet/subnets/SAP-dev-vnet-web-subnet"
              }
            ],
            "location": "eastus",
            "mac_address": "",
            "name": "SAP-dev-web-linux-nic-2",
            "private_ip_address": "10.0.1.11",
            "private_ip_addresses": [
              "10.0.1.11"
            ],
            "resource_group_name": "SAP-dev-RG-ljhddxea",
            "tags": null,
            "timeouts": null,
            "virtual_machine_id": ""
          },
          "sensitive_attributes": [],
          "private": "eyJlMmJmYjczMC1lY2FhLTExZTYtOGY4OC0zNDM2M2JjN2M0YzAiOnsiY3JlYXRlIjoxODAwMDAwMDAwMDAwLCJkZWxldGUiOjE4MDAwMDAwMDAwMDAsInJlYWQiOjMwMDAwMDAwMDAwMCwidXBkYXRlIjoxODAwMDAwMDAwMDAwfX0=",
          "dependencies": [
            "azurerm_resource_group.rg",
            "azurerm_subnet.web-subnet",
            "azurerm_virtual_network.my-vnet1",
            "random_string.random"
          ]
        }
      ]
    },
    {
      "mode": "managed",
      "type": "azurerm_network_security_group",
      "name": "app-nsg",
      "provider": "provider[\"registry.terraform.io/hashicorp/azurerm\"]",
      "instances": [
        {
          "schema_version": 0,
          "attributes": {
            "id": "/subscriptions/57498e65-d4a7-4935-b48b-a46c85d91999/resourceGroups/SAP-dev-RG-ljhddxea/providers/Microsoft.Network/networkSecurityGroups/SAP-dev-vnet-app-subnet-nsg",
            "location": "eastus",
            "name": "SAP-dev-vnet-app-subnet-nsg",
            "resource_group_name": "SAP-dev-RG-ljhddxea",
            "security_rule": [],
            "tags": null,
            "timeouts": null
          },
          "sensitive_attributes": [],
          "private": "eyJlMmJmYjczMC1lY2FhLTExZTYtOGY4OC0zNDM2M2JjN2M0YzAiOnsiY3JlYXRlIjoxODAwMDAwMDAwMDAwLCJkZWxldGUiOjE4MDAwMDAwMDAwMDAsInJlYWQiOjMwMDAwMDAwMDAwMCwidXBkYXRlIjoxODAwMDAwMDAwMDAwfX0=",
          "dependencies": [
            "azurerm_resource_group.rg",
            "azurerm_subnet.app-subnet",
            "azurerm_virtual_network.my-vnet1",
            "random_string.random"
          ]
        }
      ]
    },
    {
      "mode": "managed",
      "type": "azurerm_network_security_group",
      "name": "app_vmss_nsg",
      "provider": "provider[\"registry.terraform.io/hashicorp/azurerm\"]",
      "instances": [
        {
          "schema_version": 0,
          "attributes": {
            "id": "/subscriptions/57498e65-d4a7-4935-b48b-a46c85d91999/resourceGroups/SAP-dev-RG-ljhddxea/providers/Microsoft.Network/networkSecurityGroups/app-vmss-nsg",
            "location": "eastus",
            "name": "app-vmss-nsg",
            "resource_group_name": "SAP-dev-RG-ljhddxea",
            "security_rule": [
              {
                "access": "Allow",
                "description": "inbound rule 0",
                "destination_address_prefix": "*",
                "destination_address_prefixes": [],
                "destination_application_security_group_ids": [],
                "destination_port_range": "80",
                "destination_port_ranges": [],
                "direction": "Inbound",
                "name": "IB-RL-0",
                "priority": 100,
                "protocol": "Tcp",
                "source_address_prefix": "*",
                "source_address_prefixes": [],
                "source_application_security_group_ids": [],
                "source_port_range": "*",
                "source_port_ranges": []
              },
              {
                "access": "Allow",
                "description": "inbound rule 1",
                "destination_address_prefix": "*",
                "destination_address_prefixes": [],
                "destination_application_security_group_ids": [],
                "destination_port_range": "22",
                "destination_port_ranges": [],
                "direction": "Inbound",
                "name": "IB-RL-1",
                "priority": 101,
                "protocol": "Tcp",
                "source_address_prefix": "*",
                "source_address_prefixes": [],
                "source_application_security_group_ids": [],
                "source_port_range": "*",
                "source_port_ranges": []
              },
              {
                "access": "Allow",
                "description": "inbound rule 2",
                "destination_address_prefix": "*",
                "destination_address_prefixes": [],
                "destination_application_security_group_ids": [],
                "destination_port_range": "443",
                "destination_port_ranges": [],
                "direction": "Inbound",
                "name": "IB-RL-2",
                "priority": 102,
                "protocol": "Tcp",
                "source_address_prefix": "*",
                "source_address_prefixes": [],
                "source_application_security_group_ids": [],
                "source_port_range": "*",
                "source_port_ranges": []
              }
            ],
            "tags": null,
            "timeouts": null
          },
          "sensitive_attributes": [],
          "private": "eyJlMmJmYjczMC1lY2FhLTExZTYtOGY4OC0zNDM2M2JjN2M0YzAiOnsiY3JlYXRlIjoxODAwMDAwMDAwMDAwLCJkZWxldGUiOjE4MDAwMDAwMDAwMDAsInJlYWQiOjMwMDAwMDAwMDAwMCwidXBkYXRlIjoxODAwMDAwMDAwMDAwfX0=",
          "dependencies": [
            "azurerm_resource_group.rg",
            "random_string.random"
          ]
        }
      ]
    },
    {
      "mode": "managed",
      "type": "azurerm_network_security_group",
      "name": "bastion-nsg",
      "provider": "provider[\"registry.terraform.io/hashicorp/azurerm\"]",
      "instances": [
        {
          "schema_version": 0,
          "attributes": {
            "id": "/subscriptions/57498e65-d4a7-4935-b48b-a46c85d91999/resourceGroups/SAP-dev-RG-ljhddxea/providers/Microsoft.Network/networkSecurityGroups/SAP-dev-vnet-bastion-subnet-nsg",
            "location": "eastus",
            "name": "SAP-dev-vnet-bastion-subnet-nsg",
            "resource_group_name": "SAP-dev-RG-ljhddxea",
            "security_rule": [],
            "tags": null,
            "timeouts": null
          },
          "sensitive_attributes": [],
          "private": "eyJlMmJmYjczMC1lY2FhLTExZTYtOGY4OC0zNDM2M2JjN2M0YzAiOnsiY3JlYXRlIjoxODAwMDAwMDAwMDAwLCJkZWxldGUiOjE4MDAwMDAwMDAwMDAsInJlYWQiOjMwMDAwMDAwMDAwMCwidXBkYXRlIjoxODAwMDAwMDAwMDAwfX0=",
          "dependencies": [
            "azurerm_resource_group.rg",
            "azurerm_subnet.bastion-subnet",
            "azurerm_virtual_network.my-vnet1",
            "random_string.random"
          ]
        }
      ]
    },
    {
      "mode": "managed",
      "type": "azurerm_network_security_group",
      "name": "db-nsg",
      "provider": "provider[\"registry.terraform.io/hashicorp/azurerm\"]",
      "instances": [
        {
          "schema_version": 0,
          "attributes": {
            "id": "/subscriptions/57498e65-d4a7-4935-b48b-a46c85d91999/resourceGroups/SAP-dev-RG-ljhddxea/providers/Microsoft.Network/networkSecurityGroups/SAP-dev-vnet-db-subnet-nsg",
            "location": "eastus",
            "name": "SAP-dev-vnet-db-subnet-nsg",
            "resource_group_name": "SAP-dev-RG-ljhddxea",
            "security_rule": [],
            "tags": null,
            "timeouts": null
          },
          "sensitive_attributes": [],
          "private": "eyJlMmJmYjczMC1lY2FhLTExZTYtOGY4OC0zNDM2M2JjN2M0YzAiOnsiY3JlYXRlIjoxODAwMDAwMDAwMDAwLCJkZWxldGUiOjE4MDAwMDAwMDAwMDAsInJlYWQiOjMwMDAwMDAwMDAwMCwidXBkYXRlIjoxODAwMDAwMDAwMDAwfX0=",
          "dependencies": [
            "azurerm_resource_group.rg",
            "azurerm_subnet.db-subnet",
            "azurerm_virtual_network.my-vnet1",
            "random_string.random"
          ]
        }
      ]
    },
    {
      "mode": "managed",
      "type": "azurerm_network_security_group",
      "name": "web-nsg",
      "provider": "provider[\"registry.terraform.io/hashicorp/azurerm\"]",
      "instances": [
        {
          "schema_version": 0,
          "attributes": {
            "id": "/subscriptions/57498e65-d4a7-4935-b48b-a46c85d91999/resourceGroups/SAP-dev-RG-ljhddxea/providers/Microsoft.Network/networkSecurityGroups/SAP-dev-vnet-web-subnet-nsg",
            "location": "eastus",
            "name": "SAP-dev-vnet-web-subnet-nsg",
            "resource_group_name": "SAP-dev-RG-ljhddxea",
            "security_rule": [],
            "tags": null,
            "timeouts": null
          },
          "sensitive_attributes": [],
          "private": "eyJlMmJmYjczMC1lY2FhLTExZTYtOGY4OC0zNDM2M2JjN2M0YzAiOnsiY3JlYXRlIjoxODAwMDAwMDAwMDAwLCJkZWxldGUiOjE4MDAwMDAwMDAwMDAsInJlYWQiOjMwMDAwMDAwMDAwMCwidXBkYXRlIjoxODAwMDAwMDAwMDAwfX0=",
          "dependencies": [
            "azurerm_resource_group.rg",
            "azurerm_subnet.web-subnet",
            "azurerm_virtual_network.my-vnet1",
            "random_string.random"
          ]
        }
      ]
    },
    {
      "mode": "managed",
      "type": "azurerm_network_security_group",
      "name": "web_vmss_nsg",
      "provider": "provider[\"registry.terraform.io/hashicorp/azurerm\"]",
      "instances": [
        {
          "schema_version": 0,
          "attributes": {
            "id": "/subscriptions/57498e65-d4a7-4935-b48b-a46c85d91999/resourceGroups/SAP-dev-RG-ljhddxea/providers/Microsoft.Network/networkSecurityGroups/SAP-dev-web-vmss-nsg",
            "location": "eastus",
            "name": "SAP-dev-web-vmss-nsg",
            "resource_group_name": "SAP-dev-RG-ljhddxea",
            "security_rule": [
              {
                "access": "Allow",
                "description": "Inbound Rule 0",
                "destination_address_prefix": "*",
                "destination_address_prefixes": [],
                "destination_application_security_group_ids": [],
                "destination_port_range": "22",
                "destination_port_ranges": [],
                "direction": "Inbound",
                "name": "inbound-rule-0",
                "priority": 100,
                "protocol": "Tcp",
                "source_address_prefix": "*",
                "source_address_prefixes": [],
                "source_application_security_group_ids": [],
                "source_port_range": "*",
                "source_port_ranges": []
              },
              {
                "access": "Allow",
                "description": "Inbound Rule 1",
                "destination_address_prefix": "*",
                "destination_address_prefixes": [],
                "destination_application_security_group_ids": [],
                "destination_port_range": "80",
                "destination_port_ranges": [],
                "direction": "Inbound",
                "name": "inbound-rule-1",
                "priority": 101,
                "protocol": "Tcp",
                "source_address_prefix": "*",
                "source_address_prefixes": [],
                "source_application_security_group_ids": [],
                "source_port_range": "*",
                "source_port_ranges": []
              },
              {
                "access": "Allow",
                "description": "Inbound Rule 2",
                "destination_address_prefix": "*",
                "destination_address_prefixes": [],
                "destination_application_security_group_ids": [],
                "destination_port_range": "443",
                "destination_port_ranges": [],
                "direction": "Inbound",
                "name": "inbound-rule-2",
                "priority": 102,
                "protocol": "Tcp",
                "source_address_prefix": "*",
                "source_address_prefixes": [],
                "source_application_security_group_ids": [],
                "source_port_range": "*",
                "source_port_ranges": []
              }
            ],
            "tags": null,
            "timeouts": null
          },
          "sensitive_attributes": [],
          "private": "eyJlMmJmYjczMC1lY2FhLTExZTYtOGY4OC0zNDM2M2JjN2M0YzAiOnsiY3JlYXRlIjoxODAwMDAwMDAwMDAwLCJkZWxldGUiOjE4MDAwMDAwMDAwMDAsInJlYWQiOjMwMDAwMDAwMDAwMCwidXBkYXRlIjoxODAwMDAwMDAwMDAwfX0=",
          "dependencies": [
            "azurerm_resource_group.rg",
            "random_string.random"
          ]
        }
      ]
    },
    {
      "mode": "managed",
      "type": "azurerm_network_security_rule",
      "name": "app_subnet_inbound",
      "provider": "provider[\"registry.terraform.io/hashicorp/azurerm\"]",
      "instances": [
        {
          "index_key": "100",
          "schema_version": 0,
          "attributes": {
            "access": "Allow",
            "description": "",
            "destination_address_prefix": "*",
            "destination_address_prefixes": null,
            "destination_application_security_group_ids": null,
            "destination_port_range": "80",
            "destination_port_ranges": null,
            "direction": "Inbound",
            "id": "/subscriptions/57498e65-d4a7-4935-b48b-a46c85d91999/resourceGroups/SAP-dev-RG-ljhddxea/providers/Microsoft.Network/networkSecurityGroups/SAP-dev-vnet-app-subnet-nsg/securityRules/Rule-Port-80",
            "name": "Rule-Port-80",
            "network_security_group_name": "SAP-dev-vnet-app-subnet-nsg",
            "priority": 100,
            "protocol": "Tcp",
            "resource_group_name": "SAP-dev-RG-ljhddxea",
            "source_address_prefix": "*",
            "source_address_prefixes": null,
            "source_application_security_group_ids": null,
            "source_port_range": "*",
            "source_port_ranges": null,
            "timeouts": null
          },
          "sensitive_attributes": [],
          "private": "eyJlMmJmYjczMC1lY2FhLTExZTYtOGY4OC0zNDM2M2JjN2M0YzAiOnsiY3JlYXRlIjoxODAwMDAwMDAwMDAwLCJkZWxldGUiOjE4MDAwMDAwMDAwMDAsInJlYWQiOjMwMDAwMDAwMDAwMCwidXBkYXRlIjoxODAwMDAwMDAwMDAwfX0=",
          "dependencies": [
            "azurerm_network_security_group.app-nsg",
            "azurerm_resource_group.rg",
            "azurerm_subnet.app-subnet",
            "azurerm_virtual_network.my-vnet1",
            "random_string.random"
          ]
        },
        {
          "index_key": "110",
          "schema_version": 0,
          "attributes": {
            "access": "Allow",
            "description": "",
            "destination_address_prefix": "*",
            "destination_address_prefixes": null,
            "destination_application_security_group_ids": null,
            "destination_port_range": "443",
            "destination_port_ranges": null,
            "direction": "Inbound",
            "id": "/subscriptions/57498e65-d4a7-4935-b48b-a46c85d91999/resourceGroups/SAP-dev-RG-ljhddxea/providers/Microsoft.Network/networkSecurityGroups/SAP-dev-vnet-app-subnet-nsg/securityRules/Rule-Port-443",
            "name": "Rule-Port-443",
            "network_security_group_name": "SAP-dev-vnet-app-subnet-nsg",
            "priority": 110,
            "protocol": "Tcp",
            "resource_group_name": "SAP-dev-RG-ljhddxea",
            "source_address_prefix": "*",
            "source_address_prefixes": null,
            "source_application_security_group_ids": null,
            "source_port_range": "*",
            "source_port_ranges": null,
            "timeouts": null
          },
          "sensitive_attributes": [],
          "private": "eyJlMmJmYjczMC1lY2FhLTExZTYtOGY4OC0zNDM2M2JjN2M0YzAiOnsiY3JlYXRlIjoxODAwMDAwMDAwMDAwLCJkZWxldGUiOjE4MDAwMDAwMDAwMDAsInJlYWQiOjMwMDAwMDAwMDAwMCwidXBkYXRlIjoxODAwMDAwMDAwMDAwfX0=",
          "dependencies": [
            "azurerm_network_security_group.app-nsg",
            "azurerm_resource_group.rg",
            "azurerm_subnet.app-subnet",
            "azurerm_virtual_network.my-vnet1",
            "random_string.random"
          ]
        },
        {
          "index_key": "120",
          "schema_version": 0,
          "attributes": {
            "access": "Allow",
            "description": "",
            "destination_address_prefix": "*",
            "destination_address_prefixes": null,
            "destination_application_security_group_ids": null,
            "destination_port_range": "22",
            "destination_port_ranges": null,
            "direction": "Inbound",
            "id": "/subscriptions/57498e65-d4a7-4935-b48b-a46c85d91999/resourceGroups/SAP-dev-RG-ljhddxea/providers/Microsoft.Network/networkSecurityGroups/SAP-dev-vnet-app-subnet-nsg/securityRules/Rule-Port-22",
            "name": "Rule-Port-22",
            "network_security_group_name": "SAP-dev-vnet-app-subnet-nsg",
            "priority": 120,
            "protocol": "Tcp",
            "resource_group_name": "SAP-dev-RG-ljhddxea",
            "source_address_prefix": "*",
            "source_address_prefixes": null,
            "source_application_security_group_ids": null,
            "source_port_range": "*",
            "source_port_ranges": null,
            "timeouts": null
          },
          "sensitive_attributes": [],
          "private": "eyJlMmJmYjczMC1lY2FhLTExZTYtOGY4OC0zNDM2M2JjN2M0YzAiOnsiY3JlYXRlIjoxODAwMDAwMDAwMDAwLCJkZWxldGUiOjE4MDAwMDAwMDAwMDAsInJlYWQiOjMwMDAwMDAwMDAwMCwidXBkYXRlIjoxODAwMDAwMDAwMDAwfX0=",
          "dependencies": [
            "azurerm_network_security_group.app-nsg",
            "azurerm_resource_group.rg",
            "azurerm_subnet.app-subnet",
            "azurerm_virtual_network.my-vnet1",
            "random_string.random"
          ]
        },
        {
          "index_key": "130",
          "schema_version": 0,
          "attributes": {
            "access": "Allow",
            "description": "",
            "destination_address_prefix": "*",
            "destination_address_prefixes": null,
            "destination_application_security_group_ids": null,
            "destination_port_range": "8080",
            "destination_port_ranges": null,
            "direction": "Inbound",
            "id": "/subscriptions/57498e65-d4a7-4935-b48b-a46c85d91999/resourceGroups/SAP-dev-RG-ljhddxea/providers/Microsoft.Network/networkSecurityGroups/SAP-dev-vnet-app-subnet-nsg/securityRules/Rule-Port-8080",
            "name": "Rule-Port-8080",
            "network_security_group_name": "SAP-dev-vnet-app-subnet-nsg",
            "priority": 130,
            "protocol": "Tcp",
            "resource_group_name": "SAP-dev-RG-ljhddxea",
            "source_address_prefix": "*",
            "source_address_prefixes": null,
            "source_application_security_group_ids": null,
            "source_port_range": "*",
            "source_port_ranges": null,
            "timeouts": null
          },
          "sensitive_attributes": [],
          "private": "eyJlMmJmYjczMC1lY2FhLTExZTYtOGY4OC0zNDM2M2JjN2M0YzAiOnsiY3JlYXRlIjoxODAwMDAwMDAwMDAwLCJkZWxldGUiOjE4MDAwMDAwMDAwMDAsInJlYWQiOjMwMDAwMDAwMDAwMCwidXBkYXRlIjoxODAwMDAwMDAwMDAwfX0=",
          "dependencies": [
            "azurerm_network_security_group.app-nsg",
            "azurerm_resource_group.rg",
            "azurerm_subnet.app-subnet",
            "azurerm_virtual_network.my-vnet1",
            "random_string.random"
          ]
        }
      ]
    },
    {
      "mode": "managed",
      "type": "azurerm_network_security_rule",
      "name": "bastion_subnet_inbound",
      "provider": "provider[\"registry.terraform.io/hashicorp/azurerm\"]",
      "instances": [
        {
          "index_key": "100",
          "schema_version": 0,
          "attributes": {
            "access": "Allow",
            "description": "",
            "destination_address_prefix": "*",
            "destination_address_prefixes": null,
            "destination_application_security_group_ids": null,
            "destination_port_range": "22",
            "destination_port_ranges": null,
            "direction": "Inbound",
            "id": "/subscriptions/57498e65-d4a7-4935-b48b-a46c85d91999/resourceGroups/SAP-dev-RG-ljhddxea/providers/Microsoft.Network/networkSecurityGroups/SAP-dev-vnet-bastion-subnet-nsg/securityRules/Rule-Port-22",
            "name": "Rule-Port-22",
            "network_security_group_name": "SAP-dev-vnet-bastion-subnet-nsg",
            "priority": 100,
            "protocol": "Tcp",
            "resource_group_name": "SAP-dev-RG-ljhddxea",
            "source_address_prefix": "*",
            "source_address_prefixes": null,
            "source_application_security_group_ids": null,
            "source_port_range": "*",
            "source_port_ranges": null,
            "timeouts": null
          },
          "sensitive_attributes": [],
          "private": "eyJlMmJmYjczMC1lY2FhLTExZTYtOGY4OC0zNDM2M2JjN2M0YzAiOnsiY3JlYXRlIjoxODAwMDAwMDAwMDAwLCJkZWxldGUiOjE4MDAwMDAwMDAwMDAsInJlYWQiOjMwMDAwMDAwMDAwMCwidXBkYXRlIjoxODAwMDAwMDAwMDAwfX0=",
          "dependencies": [
            "azurerm_network_security_group.bastion-nsg",
            "azurerm_resource_group.rg",
            "azurerm_subnet.bastion-subnet",
            "azurerm_virtual_network.my-vnet1",
            "random_string.random"
          ]
        },
        {
          "index_key": "110",
          "schema_version": 0,
          "attributes": {
            "access": "Allow",
            "description": "",
            "destination_address_prefix": "*",
            "destination_address_prefixes": null,
            "destination_application_security_group_ids": null,
            "destination_port_range": "3389",
            "destination_port_ranges": null,
            "direction": "Inbound",
            "id": "/subscriptions/57498e65-d4a7-4935-b48b-a46c85d91999/resourceGroups/SAP-dev-RG-ljhddxea/providers/Microsoft.Network/networkSecurityGroups/SAP-dev-vnet-bastion-subnet-nsg/securityRules/Rule-Port-3389",
            "name": "Rule-Port-3389",
            "network_security_group_name": "SAP-dev-vnet-bastion-subnet-nsg",
            "priority": 110,
            "protocol": "Tcp",
            "resource_group_name": "SAP-dev-RG-ljhddxea",
            "source_address_prefix": "*",
            "source_address_prefixes": null,
            "source_application_security_group_ids": null,
            "source_port_range": "*",
            "source_port_ranges": null,
            "timeouts": null
          },
          "sensitive_attributes": [],
          "private": "eyJlMmJmYjczMC1lY2FhLTExZTYtOGY4OC0zNDM2M2JjN2M0YzAiOnsiY3JlYXRlIjoxODAwMDAwMDAwMDAwLCJkZWxldGUiOjE4MDAwMDAwMDAwMDAsInJlYWQiOjMwMDAwMDAwMDAwMCwidXBkYXRlIjoxODAwMDAwMDAwMDAwfX0=",
          "dependencies": [
            "azurerm_network_security_group.bastion-nsg",
            "azurerm_resource_group.rg",
            "azurerm_subnet.bastion-subnet",
            "azurerm_virtual_network.my-vnet1",
            "random_string.random"
          ]
        }
      ]
    },
    {
      "mode": "managed",
      "type": "azurerm_network_security_rule",
      "name": "db_subnet_inbound",
      "provider": "provider[\"registry.terraform.io/hashicorp/azurerm\"]",
      "instances": [
        {
          "index_key": "100",
          "schema_version": 0,
          "attributes": {
            "access": "Allow",
            "description": "",
            "destination_address_prefix": "*",
            "destination_address_prefixes": null,
            "destination_application_security_group_ids": null,
            "destination_port_range": "3306",
            "destination_port_ranges": null,
            "direction": "Inbound",
            "id": "/subscriptions/57498e65-d4a7-4935-b48b-a46c85d91999/resourceGroups/SAP-dev-RG-ljhddxea/providers/Microsoft.Network/networkSecurityGroups/SAP-dev-vnet-db-subnet-nsg/securityRules/Rule-Port-3306",
            "name": "Rule-Port-3306",
            "network_security_group_name": "SAP-dev-vnet-db-subnet-nsg",
            "priority": 100,
            "protocol": "Tcp",
            "resource_group_name": "SAP-dev-RG-ljhddxea",
            "source_address_prefix": "*",
            "source_address_prefixes": null,
            "source_application_security_group_ids": null,
            "source_port_range": "*",
            "source_port_ranges": null,
            "timeouts": null
          },
          "sensitive_attributes": [],
          "private": "eyJlMmJmYjczMC1lY2FhLTExZTYtOGY4OC0zNDM2M2JjN2M0YzAiOnsiY3JlYXRlIjoxODAwMDAwMDAwMDAwLCJkZWxldGUiOjE4MDAwMDAwMDAwMDAsInJlYWQiOjMwMDAwMDAwMDAwMCwidXBkYXRlIjoxODAwMDAwMDAwMDAwfX0=",
          "dependencies": [
            "azurerm_network_security_group.db-nsg",
            "azurerm_resource_group.rg",
            "azurerm_subnet.db-subnet",
            "azurerm_virtual_network.my-vnet1",
            "random_string.random"
          ]
        },
        {
          "index_key": "110",
          "schema_version": 0,
          "attributes": {
            "access": "Allow",
            "description": "",
            "destination_address_prefix": "*",
            "destination_address_prefixes": null,
            "destination_application_security_group_ids": null,
            "destination_port_range": "1433",
            "destination_port_ranges": null,
            "direction": "Inbound",
            "id": "/subscriptions/57498e65-d4a7-4935-b48b-a46c85d91999/resourceGroups/SAP-dev-RG-ljhddxea/providers/Microsoft.Network/networkSecurityGroups/SAP-dev-vnet-db-subnet-nsg/securityRules/Rule-Port-1433",
            "name": "Rule-Port-1433",
            "network_security_group_name": "SAP-dev-vnet-db-subnet-nsg",
            "priority": 110,
            "protocol": "Tcp",
            "resource_group_name": "SAP-dev-RG-ljhddxea",
            "source_address_prefix": "*",
            "source_address_prefixes": null,
            "source_application_security_group_ids": null,
            "source_port_range": "*",
            "source_port_ranges": null,
            "timeouts": null
          },
          "sensitive_attributes": [],
          "private": "eyJlMmJmYjczMC1lY2FhLTExZTYtOGY4OC0zNDM2M2JjN2M0YzAiOnsiY3JlYXRlIjoxODAwMDAwMDAwMDAwLCJkZWxldGUiOjE4MDAwMDAwMDAwMDAsInJlYWQiOjMwMDAwMDAwMDAwMCwidXBkYXRlIjoxODAwMDAwMDAwMDAwfX0=",
          "dependencies": [
            "azurerm_network_security_group.db-nsg",
            "azurerm_resource_group.rg",
            "azurerm_subnet.db-subnet",
            "azurerm_virtual_network.my-vnet1",
            "random_string.random"
          ]
        },
        {
          "index_key": "120",
          "schema_version": 0,
          "attributes": {
            "access": "Allow",
            "description": "",
            "destination_address_prefix": "*",
            "destination_address_prefixes": null,
            "destination_application_security_group_ids": null,
            "destination_port_range": "22",
            "destination_port_ranges": null,
            "direction": "Inbound",
            "id": "/subscriptions/57498e65-d4a7-4935-b48b-a46c85d91999/resourceGroups/SAP-dev-RG-ljhddxea/providers/Microsoft.Network/networkSecurityGroups/SAP-dev-vnet-db-subnet-nsg/securityRules/Rule-Port-22",
            "name": "Rule-Port-22",
            "network_security_group_name": "SAP-dev-vnet-db-subnet-nsg",
            "priority": 120,
            "protocol": "Tcp",
            "resource_group_name": "SAP-dev-RG-ljhddxea",
            "source_address_prefix": "*",
            "source_address_prefixes": null,
            "source_application_security_group_ids": null,
            "source_port_range": "*",
            "source_port_ranges": null,
            "timeouts": null
          },
          "sensitive_attributes": [],
          "private": "eyJlMmJmYjczMC1lY2FhLTExZTYtOGY4OC0zNDM2M2JjN2M0YzAiOnsiY3JlYXRlIjoxODAwMDAwMDAwMDAwLCJkZWxldGUiOjE4MDAwMDAwMDAwMDAsInJlYWQiOjMwMDAwMDAwMDAwMCwidXBkYXRlIjoxODAwMDAwMDAwMDAwfX0=",
          "dependencies": [
            "azurerm_network_security_group.db-nsg",
            "azurerm_resource_group.rg",
            "azurerm_subnet.db-subnet",
            "azurerm_virtual_network.my-vnet1",
            "random_string.random"
          ]
        },
        {
          "index_key": "130",
          "schema_version": 0,
          "attributes": {
            "access": "Allow",
            "description": "",
            "destination_address_prefix": "*",
            "destination_address_prefixes": null,
            "destination_application_security_group_ids": null,
            "destination_port_range": "5432",
            "destination_port_ranges": null,
            "direction": "Inbound",
            "id": "/subscriptions/57498e65-d4a7-4935-b48b-a46c85d91999/resourceGroups/SAP-dev-RG-ljhddxea/providers/Microsoft.Network/networkSecurityGroups/SAP-dev-vnet-db-subnet-nsg/securityRules/Rule-Port-5432",
            "name": "Rule-Port-5432",
            "network_security_group_name": "SAP-dev-vnet-db-subnet-nsg",
            "priority": 130,
            "protocol": "Tcp",
            "resource_group_name": "SAP-dev-RG-ljhddxea",
            "source_address_prefix": "*",
            "source_address_prefixes": null,
            "source_application_security_group_ids": null,
            "source_port_range": "*",
            "source_port_ranges": null,
            "timeouts": null
          },
          "sensitive_attributes": [],
          "private": "eyJlMmJmYjczMC1lY2FhLTExZTYtOGY4OC0zNDM2M2JjN2M0YzAiOnsiY3JlYXRlIjoxODAwMDAwMDAwMDAwLCJkZWxldGUiOjE4MDAwMDAwMDAwMDAsInJlYWQiOjMwMDAwMDAwMDAwMCwidXBkYXRlIjoxODAwMDAwMDAwMDAwfX0=",
          "dependencies": [
            "azurerm_network_security_group.db-nsg",
            "azurerm_resource_group.rg",
            "azurerm_subnet.db-subnet",
            "azurerm_virtual_network.my-vnet1",
            "random_string.random"
          ]
        }
      ]
    },
    {
      "mode": "managed",
      "type": "azurerm_network_security_rule",
      "name": "web_subnet_inbound",
      "provider": "provider[\"registry.terraform.io/hashicorp/azurerm\"]",
      "instances": [
        {
          "index_key": "100",
          "schema_version": 0,
          "attributes": {
            "access": "Allow",
            "description": "",
            "destination_address_prefix": "*",
            "destination_address_prefixes": null,
            "destination_application_security_group_ids": null,
            "destination_port_range": "80",
            "destination_port_ranges": null,
            "direction": "Inbound",
            "id": "/subscriptions/57498e65-d4a7-4935-b48b-a46c85d91999/resourceGroups/SAP-dev-RG-ljhddxea/providers/Microsoft.Network/networkSecurityGroups/SAP-dev-vnet-web-subnet-nsg/securityRules/Rule-Port-80",
            "name": "Rule-Port-80",
            "network_security_group_name": "SAP-dev-vnet-web-subnet-nsg",
            "priority": 100,
            "protocol": "Tcp",
            "resource_group_name": "SAP-dev-RG-ljhddxea",
            "source_address_prefix": "*",
            "source_address_prefixes": null,
            "source_application_security_group_ids": null,
            "source_port_range": "*",
            "source_port_ranges": null,
            "timeouts": null
          },
          "sensitive_attributes": [],
          "private": "eyJlMmJmYjczMC1lY2FhLTExZTYtOGY4OC0zNDM2M2JjN2M0YzAiOnsiY3JlYXRlIjoxODAwMDAwMDAwMDAwLCJkZWxldGUiOjE4MDAwMDAwMDAwMDAsInJlYWQiOjMwMDAwMDAwMDAwMCwidXBkYXRlIjoxODAwMDAwMDAwMDAwfX0=",
          "dependencies": [
            "azurerm_network_security_group.web-nsg",
            "azurerm_resource_group.rg",
            "azurerm_subnet.web-subnet",
            "azurerm_virtual_network.my-vnet1",
            "random_string.random"
          ]
        },
        {
          "index_key": "110",
          "schema_version": 0,
          "attributes": {
            "access": "Allow",
            "description": "",
            "destination_address_prefix": "*",
            "destination_address_prefixes": null,
            "destination_application_security_group_ids": null,
            "destination_port_range": "443",
            "destination_port_ranges": null,
            "direction": "Inbound",
            "id": "/subscriptions/57498e65-d4a7-4935-b48b-a46c85d91999/resourceGroups/SAP-dev-RG-ljhddxea/providers/Microsoft.Network/networkSecurityGroups/SAP-dev-vnet-web-subnet-nsg/securityRules/Rule-Port-443",
            "name": "Rule-Port-443",
            "network_security_group_name": "SAP-dev-vnet-web-subnet-nsg",
            "priority": 110,
            "protocol": "Tcp",
            "resource_group_name": "SAP-dev-RG-ljhddxea",
            "source_address_prefix": "*",
            "source_address_prefixes": null,
            "source_application_security_group_ids": null,
            "source_port_range": "*",
            "source_port_ranges": null,
            "timeouts": null
          },
          "sensitive_attributes": [],
          "private": "eyJlMmJmYjczMC1lY2FhLTExZTYtOGY4OC0zNDM2M2JjN2M0YzAiOnsiY3JlYXRlIjoxODAwMDAwMDAwMDAwLCJkZWxldGUiOjE4MDAwMDAwMDAwMDAsInJlYWQiOjMwMDAwMDAwMDAwMCwidXBkYXRlIjoxODAwMDAwMDAwMDAwfX0=",
          "dependencies": [
            "azurerm_network_security_group.web-nsg",
            "azurerm_resource_group.rg",
            "azurerm_subnet.web-subnet",
            "azurerm_virtual_network.my-vnet1",
            "random_string.random"
          ]
        },
        {
          "index_key": "120",
          "schema_version": 0,
          "attributes": {
            "access": "Allow",
            "description": "",
            "destination_address_prefix": "*",
            "destination_address_prefixes": null,
            "destination_application_security_group_ids": null,
            "destination_port_range": "22",
            "destination_port_ranges": null,
            "direction": "Inbound",
            "id": "/subscriptions/57498e65-d4a7-4935-b48b-a46c85d91999/resourceGroups/SAP-dev-RG-ljhddxea/providers/Microsoft.Network/networkSecurityGroups/SAP-dev-vnet-web-subnet-nsg/securityRules/Rule-Port-22",
            "name": "Rule-Port-22",
            "network_security_group_name": "SAP-dev-vnet-web-subnet-nsg",
            "priority": 120,
            "protocol": "Tcp",
            "resource_group_name": "SAP-dev-RG-ljhddxea",
            "source_address_prefix": "*",
            "source_address_prefixes": null,
            "source_application_security_group_ids": null,
            "source_port_range": "*",
            "source_port_ranges": null,
            "timeouts": null
          },
          "sensitive_attributes": [],
          "private": "eyJlMmJmYjczMC1lY2FhLTExZTYtOGY4OC0zNDM2M2JjN2M0YzAiOnsiY3JlYXRlIjoxODAwMDAwMDAwMDAwLCJkZWxldGUiOjE4MDAwMDAwMDAwMDAsInJlYWQiOjMwMDAwMDAwMDAwMCwidXBkYXRlIjoxODAwMDAwMDAwMDAwfX0=",
          "dependencies": [
            "azurerm_network_security_group.web-nsg",
            "azurerm_resource_group.rg",
            "azurerm_subnet.web-subnet",
            "azurerm_virtual_network.my-vnet1",
            "random_string.random"
          ]
        }
      ]
    },
    {
      "mode": "managed",
      "type": "azurerm_private_dns_a_record",
      "name": "app_lb_dns_record",
      "provider": "provider[\"registry.terraform.io/hashicorp/azurerm\"]",
      "instances": [
        {
          "schema_version": 0,
          "attributes": {
            "fqdn": "applb.dineshkhanna.co.in.",
            "id": "/subscriptions/57498e65-d4a7-4935-b48b-a46c85d91999/resourceGroups/SAP-dev-RG-ljhddxea/providers/Microsoft.Network/privateDnsZones/dineshkhanna.co.in/A/applb",
            "name": "applb",
            "records": [
              "10.0.11.241"
            ],
            "resource_group_name": "SAP-dev-RG-ljhddxea",
            "tags": null,
            "timeouts": null,
            "ttl": 300,
            "zone_name": "dineshkhanna.co.in"
          },
          "sensitive_attributes": [],
          "private": "eyJlMmJmYjczMC1lY2FhLTExZTYtOGY4OC0zNDM2M2JjN2M0YzAiOnsiY3JlYXRlIjoxODAwMDAwMDAwMDAwLCJkZWxldGUiOjE4MDAwMDAwMDAwMDAsInJlYWQiOjMwMDAwMDAwMDAwMCwidXBkYXRlIjoxODAwMDAwMDAwMDAwfX0=",
          "dependencies": [
            "azurerm_lb.app_lb",
            "azurerm_private_dns_zone.private_dns_zone",
            "azurerm_resource_group.rg",
            "azurerm_subnet.app-subnet",
            "azurerm_virtual_network.my-vnet1",
            "random_string.random"
          ]
        }
      ]
    },
    {
      "mode": "managed",
      "type": "azurerm_private_dns_zone",
      "name": "private_dns_zone",
      "provider": "provider[\"registry.terraform.io/hashicorp/azurerm\"]",
      "instances": [
        {
          "schema_version": 0,
          "attributes": {
            "id": "/subscriptions/57498e65-d4a7-4935-b48b-a46c85d91999/resourceGroups/SAP-dev-RG-ljhddxea/providers/Microsoft.Network/privateDnsZones/dineshkhanna.co.in",
            "max_number_of_record_sets": 25000,
            "max_number_of_virtual_network_links": 1000,
            "max_number_of_virtual_network_links_with_registration": 100,
            "name": "dineshkhanna.co.in",
            "number_of_record_sets": 1,
            "resource_group_name": "SAP-dev-RG-ljhddxea",
            "soa_record": [
              {
                "email": "azureprivatedns-host.microsoft.com",
                "expire_time": 2419200,
                "fqdn": "dineshkhanna.co.in.",
                "host_name": "azureprivatedns.net",
                "minimum_ttl": 10,
                "refresh_time": 3600,
                "retry_time": 300,
                "serial_number": 1,
                "tags": {},
                "ttl": 3600
              }
            ],
            "tags": null,
            "timeouts": null
          },
          "sensitive_attributes": [],
          "private": "eyJlMmJmYjczMC1lY2FhLTExZTYtOGY4OC0zNDM2M2JjN2M0YzAiOnsiY3JlYXRlIjoxODAwMDAwMDAwMDAwLCJkZWxldGUiOjE4MDAwMDAwMDAwMDAsInJlYWQiOjMwMDAwMDAwMDAwMCwidXBkYXRlIjoxODAwMDAwMDAwMDAwfX0=",
          "dependencies": [
            "azurerm_resource_group.rg",
            "random_string.random"
          ]
        }
      ]
    },
    {
      "mode": "managed",
      "type": "azurerm_private_dns_zone_virtual_network_link",
      "name": "private_dns_zone_vnet_assocaite",
      "provider": "provider[\"registry.terraform.io/hashicorp/azurerm\"]",
      "instances": [
        {
          "schema_version": 0,
          "attributes": {
            "id": "/subscriptions/57498e65-d4a7-4935-b48b-a46c85d91999/resourceGroups/SAP-dev-RG-ljhddxea/providers/Microsoft.Network/privateDnsZones/dineshkhanna.co.in/virtualNetworkLinks/SAP-dev-private-dns-zone-vnet-assoicate",
            "name": "SAP-dev-private-dns-zone-vnet-assoicate",
            "private_dns_zone_name": "dineshkhanna.co.in",
            "registration_enabled": false,
            "resource_group_name": "SAP-dev-RG-ljhddxea",
            "tags": null,
            "timeouts": null,
            "virtual_network_id": "/subscriptions/57498e65-d4a7-4935-b48b-a46c85d91999/resourceGroups/SAP-dev-RG-ljhddxea/providers/Microsoft.Network/virtualNetworks/SAP-dev-vnet"
          },
          "sensitive_attributes": [],
          "private": "eyJlMmJmYjczMC1lY2FhLTExZTYtOGY4OC0zNDM2M2JjN2M0YzAiOnsiY3JlYXRlIjoxODAwMDAwMDAwMDAwLCJkZWxldGUiOjE4MDAwMDAwMDAwMDAsInJlYWQiOjMwMDAwMDAwMDAwMCwidXBkYXRlIjoxODAwMDAwMDAwMDAwfX0=",
          "dependencies": [
            "azurerm_private_dns_zone.private_dns_zone",
            "azurerm_resource_group.rg",
            "azurerm_virtual_network.my-vnet1",
            "random_string.random"
          ]
        }
      ]
    },
    {
      "mode": "managed",
      "type": "azurerm_public_ip",
      "name": "bastion_host_pip",
      "provider": "provider[\"registry.terraform.io/hashicorp/azurerm\"]",
      "instances": [
        {
          "schema_version": 0,
          "attributes": {
            "allocation_method": "Static",
            "ddos_protection_mode": "VirtualNetworkInherited",
            "ddos_protection_plan_id": null,
            "domain_name_label": null,
            "edge_zone": "",
            "fqdn": null,
            "id": "/subscriptions/57498e65-d4a7-4935-b48b-a46c85d91999/resourceGroups/SAP-dev-RG-ljhddxea/providers/Microsoft.Network/publicIPAddresses/SAP-dev-bastion-host-pip",
            "idle_timeout_in_minutes": 4,
            "ip_address": "52.147.200.154",
            "ip_tags": null,
            "ip_version": "IPv4",
            "location": "eastus",
            "name": "SAP-dev-bastion-host-pip",
            "public_ip_prefix_id": null,
            "resource_group_name": "SAP-dev-RG-ljhddxea",
            "reverse_fqdn": null,
            "sku": "Standard",
            "sku_tier": "Regional",
            "tags": null,
            "timeouts": null,
            "zones": null
          },
          "sensitive_attributes": [],
          "private": "eyJlMmJmYjczMC1lY2FhLTExZTYtOGY4OC0zNDM2M2JjN2M0YzAiOnsiY3JlYXRlIjoxODAwMDAwMDAwMDAwLCJkZWxldGUiOjE4MDAwMDAwMDAwMDAsInJlYWQiOjMwMDAwMDAwMDAwMCwidXBkYXRlIjoxODAwMDAwMDAwMDAwfX0=",
          "dependencies": [
            "azurerm_resource_group.rg",
            "random_string.random"
          ]
        }
      ]
    },
    {
      "mode": "managed",
      "type": "azurerm_public_ip",
      "name": "bastion_svc_pip",
      "provider": "provider[\"registry.terraform.io/hashicorp/azurerm\"]",
      "instances": [
        {
          "schema_version": 0,
          "attributes": {
            "allocation_method": "Static",
            "ddos_protection_mode": "VirtualNetworkInherited",
            "ddos_protection_plan_id": null,
            "domain_name_label": null,
            "edge_zone": "",
            "fqdn": null,
            "id": "/subscriptions/57498e65-d4a7-4935-b48b-a46c85d91999/resourceGroups/SAP-dev-RG-ljhddxea/providers/Microsoft.Network/publicIPAddresses/SAP-dev-bastion-svc-pip",
            "idle_timeout_in_minutes": 4,
            "ip_address": "20.228.130.236",
            "ip_tags": null,
            "ip_version": "IPv4",
            "location": "eastus",
            "name": "SAP-dev-bastion-svc-pip",
            "public_ip_prefix_id": null,
            "resource_group_name": "SAP-dev-RG-ljhddxea",
            "reverse_fqdn": null,
            "sku": "Standard",
            "sku_tier": "Regional",
            "tags": null,
            "timeouts": null,
            "zones": null
          },
          "sensitive_attributes": [],
          "private": "eyJlMmJmYjczMC1lY2FhLTExZTYtOGY4OC0zNDM2M2JjN2M0YzAiOnsiY3JlYXRlIjoxODAwMDAwMDAwMDAwLCJkZWxldGUiOjE4MDAwMDAwMDAwMDAsInJlYWQiOjMwMDAwMDAwMDAwMCwidXBkYXRlIjoxODAwMDAwMDAwMDAwfX0=",
          "dependencies": [
            "azurerm_resource_group.rg",
            "random_string.random"
          ]
        }
      ]
    },
    {
      "mode": "managed",
      "type": "azurerm_public_ip",
      "name": "natgw_pip",
      "provider": "provider[\"registry.terraform.io/hashicorp/azurerm\"]",
      "instances": [
        {
          "schema_version": 0,
          "attributes": {
            "allocation_method": "Static",
            "ddos_protection_mode": "VirtualNetworkInherited",
            "ddos_protection_plan_id": null,
            "domain_name_label": null,
            "edge_zone": "",
            "fqdn": null,
            "id": "/subscriptions/57498e65-d4a7-4935-b48b-a46c85d91999/resourceGroups/SAP-dev-RG-ljhddxea/providers/Microsoft.Network/publicIPAddresses/SAP-dev-natgw-pip",
            "idle_timeout_in_minutes": 4,
            "ip_address": "52.147.200.152",
            "ip_tags": null,
            "ip_version": "IPv4",
            "location": "eastus",
            "name": "SAP-dev-natgw-pip",
            "public_ip_prefix_id": null,
            "resource_group_name": "SAP-dev-RG-ljhddxea",
            "reverse_fqdn": null,
            "sku": "Standard",
            "sku_tier": "Regional",
            "tags": null,
            "timeouts": null,
            "zones": null
          },
          "sensitive_attributes": [],
          "private": "eyJlMmJmYjczMC1lY2FhLTExZTYtOGY4OC0zNDM2M2JjN2M0YzAiOnsiY3JlYXRlIjoxODAwMDAwMDAwMDAwLCJkZWxldGUiOjE4MDAwMDAwMDAwMDAsInJlYWQiOjMwMDAwMDAwMDAwMCwidXBkYXRlIjoxODAwMDAwMDAwMDAwfX0=",
          "dependencies": [
            "azurerm_resource_group.rg",
            "random_string.random"
          ]
        }
      ]
    },
    {
      "mode": "managed",
      "type": "azurerm_public_ip",
      "name": "web_slbip",
      "provider": "provider[\"registry.terraform.io/hashicorp/azurerm\"]",
      "instances": [
        {
          "schema_version": 0,
          "attributes": {
            "allocation_method": "Static",
            "ddos_protection_mode": "VirtualNetworkInherited",
            "ddos_protection_plan_id": null,
            "domain_name_label": null,
            "edge_zone": "",
            "fqdn": null,
            "id": "/subscriptions/57498e65-d4a7-4935-b48b-a46c85d91999/resourceGroups/SAP-dev-RG-ljhddxea/providers/Microsoft.Network/publicIPAddresses/SAP-dev-webvm-pip",
            "idle_timeout_in_minutes": 4,
            "ip_address": "172.173.163.10",
            "ip_tags": null,
            "ip_version": "IPv4",
            "location": "eastus",
            "name": "SAP-dev-webvm-pip",
            "public_ip_prefix_id": null,
            "resource_group_name": "SAP-dev-RG-ljhddxea",
            "reverse_fqdn": null,
            "sku": "Standard",
            "sku_tier": "Regional",
            "tags": {
              "envirnoment": "dev",
              "owners": "SAP"
            },
            "timeouts": null,
            "zones": null
          },
          "sensitive_attributes": [],
          "private": "eyJlMmJmYjczMC1lY2FhLTExZTYtOGY4OC0zNDM2M2JjN2M0YzAiOnsiY3JlYXRlIjoxODAwMDAwMDAwMDAwLCJkZWxldGUiOjE4MDAwMDAwMDAwMDAsInJlYWQiOjMwMDAwMDAwMDAwMCwidXBkYXRlIjoxODAwMDAwMDAwMDAwfX0=",
          "dependencies": [
            "azurerm_resource_group.rg",
            "random_string.random"
          ]
        }
      ]
    },
    {
      "mode": "managed",
      "type": "azurerm_resource_group",
      "name": "rg",
      "provider": "provider[\"registry.terraform.io/hashicorp/azurerm\"]",
      "instances": [
        {
          "schema_version": 0,
          "attributes": {
            "id": "/subscriptions/57498e65-d4a7-4935-b48b-a46c85d91999/resourceGroups/SAP-dev-RG-ljhddxea",
            "location": "eastus",
            "managed_by": "",
            "name": "SAP-dev-RG-ljhddxea",
            "tags": {
              "envirnoment": "dev",
              "owners": "SAP"
            },
            "timeouts": null
          },
          "sensitive_attributes": [],
          "private": "eyJlMmJmYjczMC1lY2FhLTExZTYtOGY4OC0zNDM2M2JjN2M0YzAiOnsiY3JlYXRlIjo1NDAwMDAwMDAwMDAwLCJkZWxldGUiOjU0MDAwMDAwMDAwMDAsInJlYWQiOjMwMDAwMDAwMDAwMCwidXBkYXRlIjo1NDAwMDAwMDAwMDAwfX0=",
          "dependencies": [
            "random_string.random"
          ]
        }
      ]
    },
    {
      "mode": "managed",
      "type": "azurerm_storage_account",
      "name": "storage_account",
      "provider": "provider[\"registry.terraform.io/hashicorp/azurerm\"]",
      "instances": [
        {
          "schema_version": 3,
          "attributes": {
            "access_tier": "Hot",
            "account_kind": "StorageV2",
            "account_replication_type": "LRS",
            "account_tier": "Standard",
            "allow_nested_items_to_be_public": true,
            "allowed_copy_scope": "",
            "azure_files_authentication": [],
            "blob_properties": [
              {
                "change_feed_enabled": false,
                "change_feed_retention_in_days": 0,
                "container_delete_retention_policy": [],
                "cors_rule": [],
                "default_service_version": "",
                "delete_retention_policy": [],
                "last_access_time_enabled": false,
                "restore_policy": [],
                "versioning_enabled": false
              }
            ],
            "cross_tenant_replication_enabled": true,
            "custom_domain": [],
            "customer_managed_key": [],
            "default_to_oauth_authentication": false,
            "edge_zone": "",
            "enable_https_traffic_only": true,
            "id": "/subscriptions/57498e65-d4a7-4935-b48b-a46c85d91999/resourceGroups/SAP-dev-RG-ljhddxea/providers/Microsoft.Storage/storageAccounts/staticwebsiteljhddxea",
            "identity": [],
            "immutability_policy": [],
            "infrastructure_encryption_enabled": false,
            "is_hns_enabled": false,
            "large_file_share_enabled": null,
            "location": "eastus",
            "min_tls_version": "TLS1_2",
            "name": "staticwebsiteljhddxea",
            "network_rules": [
              {
                "bypass": [
                  "AzureServices"
                ],
                "default_action": "Allow",
                "ip_rules": [],
                "private_link_access": [],
                "virtual_network_subnet_ids": []
              }
            ],
            "nfsv3_enabled": false,
            "primary_access_key": "BG8vS5GLjLgiGVTW5LgYlOXssMViyYIgdD19X+mHsnIf4dN+/rY72sYiR1Oa8Np3X55y0RxD3p/P+AStuhPsHg==",
            "primary_blob_connection_string": "DefaultEndpointsProtocol=https;BlobEndpoint=https://staticwebsiteljhddxea.blob.core.windows.net/;AccountName=staticwebsiteljhddxea;AccountKey=BG8vS5GLjLgiGVTW5LgYlOXssMViyYIgdD19X+mHsnIf4dN+/rY72sYiR1Oa8Np3X55y0RxD3p/P+AStuhPsHg==",
            "primary_blob_endpoint": "https://staticwebsiteljhddxea.blob.core.windows.net/",
            "primary_blob_host": "staticwebsiteljhddxea.blob.core.windows.net",
            "primary_connection_string": "DefaultEndpointsProtocol=https;AccountName=staticwebsiteljhddxea;AccountKey=BG8vS5GLjLgiGVTW5LgYlOXssMViyYIgdD19X+mHsnIf4dN+/rY72sYiR1Oa8Np3X55y0RxD3p/P+AStuhPsHg==;EndpointSuffix=core.windows.net",
            "primary_dfs_endpoint": "https://staticwebsiteljhddxea.dfs.core.windows.net/",
            "primary_dfs_host": "staticwebsiteljhddxea.dfs.core.windows.net",
            "primary_file_endpoint": "https://staticwebsiteljhddxea.file.core.windows.net/",
            "primary_file_host": "staticwebsiteljhddxea.file.core.windows.net",
            "primary_location": "eastus",
            "primary_queue_endpoint": "https://staticwebsiteljhddxea.queue.core.windows.net/",
            "primary_queue_host": "staticwebsiteljhddxea.queue.core.windows.net",
            "primary_table_endpoint": "https://staticwebsiteljhddxea.table.core.windows.net/",
            "primary_table_host": "staticwebsiteljhddxea.table.core.windows.net",
            "primary_web_endpoint": "https://staticwebsiteljhddxea.z13.web.core.windows.net/",
            "primary_web_host": "staticwebsiteljhddxea.z13.web.core.windows.net",
            "public_network_access_enabled": true,
            "queue_encryption_key_type": "Service",
            "queue_properties": [
              {
                "cors_rule": [],
                "hour_metrics": [
                  {
                    "enabled": true,
                    "include_apis": true,
                    "retention_policy_days": 7,
                    "version": "1.0"
                  }
                ],
                "logging": [
                  {
                    "delete": false,
                    "read": false,
                    "retention_policy_days": 0,
                    "version": "1.0",
                    "write": false
                  }
                ],
                "minute_metrics": [
                  {
                    "enabled": false,
                    "include_apis": false,
                    "retention_policy_days": 0,
                    "version": "1.0"
                  }
                ]
              }
            ],
            "resource_group_name": "SAP-dev-RG-ljhddxea",
            "routing": [],
            "sas_policy": [],
            "secondary_access_key": "cz7Wm4KIX8iwfrse+PEkta5h7s/m02b7dqS5dpMfhGd5GNf1iLT8IiTJZpjWPO3Se+pNmC0R37TG+AStISP02A==",
            "secondary_blob_connection_string": "",
            "secondary_blob_endpoint": null,
            "secondary_blob_host": null,
            "secondary_connection_string": "DefaultEndpointsProtocol=https;AccountName=staticwebsiteljhddxea;AccountKey=cz7Wm4KIX8iwfrse+PEkta5h7s/m02b7dqS5dpMfhGd5GNf1iLT8IiTJZpjWPO3Se+pNmC0R37TG+AStISP02A==;EndpointSuffix=core.windows.net",
            "secondary_dfs_endpoint": null,
            "secondary_dfs_host": null,
            "secondary_file_endpoint": null,
            "secondary_file_host": null,
            "secondary_location": "",
            "secondary_queue_endpoint": null,
            "secondary_queue_host": null,
            "secondary_table_endpoint": null,
            "secondary_table_host": null,
            "secondary_web_endpoint": null,
            "secondary_web_host": null,
            "sftp_enabled": false,
            "share_properties": [
              {
                "cors_rule": [],
                "retention_policy": [
                  {
                    "days": 7
                  }
                ],
                "smb": []
              }
            ],
            "shared_access_key_enabled": true,
            "static_website": [
              {
                "error_404_document": "error.html",
                "index_document": "index.html"
              }
            ],
            "table_encryption_key_type": "Service",
            "tags": null,
            "timeouts": null
          },
          "sensitive_attributes": [],
          "private": "eyJlMmJmYjczMC1lY2FhLTExZTYtOGY4OC0zNDM2M2JjN2M0YzAiOnsiY3JlYXRlIjozNjAwMDAwMDAwMDAwLCJkZWxldGUiOjM2MDAwMDAwMDAwMDAsInJlYWQiOjMwMDAwMDAwMDAwMCwidXBkYXRlIjozNjAwMDAwMDAwMDAwfSwic2NoZW1hX3ZlcnNpb24iOiIzIn0=",
          "dependencies": [
            "azurerm_resource_group.rg",
            "random_string.random"
          ]
        }
      ]
    },
    {
      "mode": "managed",
      "type": "azurerm_storage_blob",
      "name": "httpd_files_container_blob",
      "provider": "provider[\"registry.terraform.io/hashicorp/azurerm\"]",
      "instances": [
        {
          "index_key": "app1.conf",
          "schema_version": 1,
          "attributes": {
            "access_tier": "Hot",
            "cache_control": "",
            "content_md5": "",
            "content_type": "application/octet-stream",
            "id": "https://staticwebsiteljhddxea.blob.core.windows.net/httpd-files-container/app1.conf",
            "metadata": {},
            "name": "app1.conf",
            "parallelism": 8,
            "size": 0,
            "source": "app-scriptis/app1.conf",
            "source_content": null,
            "source_uri": null,
            "storage_account_name": "staticwebsiteljhddxea",
            "storage_container_name": "httpd-files-container",
            "timeouts": null,
            "type": "Block",
            "url": "https://staticwebsiteljhddxea.blob.core.windows.net/httpd-files-container/app1.conf"
          },
          "sensitive_attributes": [],
          "private": "eyJlMmJmYjczMC1lY2FhLTExZTYtOGY4OC0zNDM2M2JjN2M0YzAiOnsiY3JlYXRlIjoxODAwMDAwMDAwMDAwLCJkZWxldGUiOjE4MDAwMDAwMDAwMDAsInJlYWQiOjMwMDAwMDAwMDAwMCwidXBkYXRlIjoxODAwMDAwMDAwMDAwfSwic2NoZW1hX3ZlcnNpb24iOiIxIn0=",
          "dependencies": [
            "azurerm_resource_group.rg",
            "azurerm_storage_account.storage_account",
            "azurerm_storage_container.httpd_file_container",
            "random_string.random"
          ]
        }
      ]
    },
    {
      "mode": "managed",
      "type": "azurerm_storage_container",
      "name": "httpd_file_container",
      "provider": "provider[\"registry.terraform.io/hashicorp/azurerm\"]",
      "instances": [
        {
          "schema_version": 1,
          "attributes": {
            "container_access_type": "private",
            "has_immutability_policy": false,
            "has_legal_hold": false,
            "id": "https://staticwebsiteljhddxea.blob.core.windows.net/httpd-files-container",
            "metadata": {},
            "name": "httpd-files-container",
            "resource_manager_id": "/subscriptions/57498e65-d4a7-4935-b48b-a46c85d91999/resourceGroups/SAP-dev-RG-ljhddxea/providers/Microsoft.Storage/storageAccounts/staticwebsiteljhddxea/blobServices/default/containers/httpd-files-container",
            "storage_account_name": "staticwebsiteljhddxea",
            "timeouts": null
          },
          "sensitive_attributes": [],
          "private": "eyJlMmJmYjczMC1lY2FhLTExZTYtOGY4OC0zNDM2M2JjN2M0YzAiOnsiY3JlYXRlIjoxODAwMDAwMDAwMDAwLCJkZWxldGUiOjE4MDAwMDAwMDAwMDAsInJlYWQiOjMwMDAwMDAwMDAwMCwidXBkYXRlIjoxODAwMDAwMDAwMDAwfSwic2NoZW1hX3ZlcnNpb24iOiIxIn0=",
          "dependencies": [
            "azurerm_resource_group.rg",
            "azurerm_storage_account.storage_account",
            "random_string.random"
          ]
        }
      ]
    },
    {
      "mode": "managed",
      "type": "azurerm_subnet",
      "name": "app-subnet",
      "provider": "provider[\"registry.terraform.io/hashicorp/azurerm\"]",
      "instances": [
        {
          "schema_version": 0,
          "attributes": {
            "address_prefixes": [
              "10.0.11.0/24"
            ],
            "delegation": [],
            "enforce_private_link_endpoint_network_policies": false,
            "enforce_private_link_service_network_policies": false,
            "id": "/subscriptions/57498e65-d4a7-4935-b48b-a46c85d91999/resourceGroups/SAP-dev-RG-ljhddxea/providers/Microsoft.Network/virtualNetworks/SAP-dev-vnet/subnets/SAP-dev-vnet-app-subnet",
            "name": "SAP-dev-vnet-app-subnet",
            "private_endpoint_network_policies_enabled": true,
            "private_link_service_network_policies_enabled": true,
            "resource_group_name": "SAP-dev-RG-ljhddxea",
            "service_endpoint_policy_ids": null,
            "service_endpoints": null,
            "timeouts": null,
            "virtual_network_name": "SAP-dev-vnet"
          },
          "sensitive_attributes": [],
          "private": "eyJlMmJmYjczMC1lY2FhLTExZTYtOGY4OC0zNDM2M2JjN2M0YzAiOnsiY3JlYXRlIjoxODAwMDAwMDAwMDAwLCJkZWxldGUiOjE4MDAwMDAwMDAwMDAsInJlYWQiOjMwMDAwMDAwMDAwMCwidXBkYXRlIjoxODAwMDAwMDAwMDAwfX0=",
          "dependencies": [
            "azurerm_resource_group.rg",
            "azurerm_virtual_network.my-vnet1",
            "random_string.random"
          ]
        }
      ]
    },
    {
      "mode": "managed",
      "type": "azurerm_subnet",
      "name": "bastion-subnet",
      "provider": "provider[\"registry.terraform.io/hashicorp/azurerm\"]",
      "instances": [
        {
          "schema_version": 0,
          "attributes": {
            "address_prefixes": [
              "10.0.100.0/24"
            ],
            "delegation": [],
            "enforce_private_link_endpoint_network_policies": false,
            "enforce_private_link_service_network_policies": false,
            "id": "/subscriptions/57498e65-d4a7-4935-b48b-a46c85d91999/resourceGroups/SAP-dev-RG-ljhddxea/providers/Microsoft.Network/virtualNetworks/SAP-dev-vnet/subnets/SAP-dev-vnet-bastion-subnet",
            "name": "SAP-dev-vnet-bastion-subnet",
            "private_endpoint_network_policies_enabled": true,
            "private_link_service_network_policies_enabled": true,
            "resource_group_name": "SAP-dev-RG-ljhddxea",
            "service_endpoint_policy_ids": null,
            "service_endpoints": null,
            "timeouts": null,
            "virtual_network_name": "SAP-dev-vnet"
          },
          "sensitive_attributes": [],
          "private": "eyJlMmJmYjczMC1lY2FhLTExZTYtOGY4OC0zNDM2M2JjN2M0YzAiOnsiY3JlYXRlIjoxODAwMDAwMDAwMDAwLCJkZWxldGUiOjE4MDAwMDAwMDAwMDAsInJlYWQiOjMwMDAwMDAwMDAwMCwidXBkYXRlIjoxODAwMDAwMDAwMDAwfX0=",
          "dependencies": [
            "azurerm_resource_group.rg",
            "azurerm_virtual_network.my-vnet1",
            "random_string.random"
          ]
        }
      ]
    },
    {
      "mode": "managed",
      "type": "azurerm_subnet",
      "name": "bastion_service_snet",
      "provider": "provider[\"registry.terraform.io/hashicorp/azurerm\"]",
      "instances": [
        {
          "schema_version": 0,
          "attributes": {
            "address_prefixes": [
              "10.0.101.0/27"
            ],
            "delegation": [],
            "enforce_private_link_endpoint_network_policies": false,
            "enforce_private_link_service_network_policies": false,
            "id": "/subscriptions/57498e65-d4a7-4935-b48b-a46c85d91999/resourceGroups/SAP-dev-RG-ljhddxea/providers/Microsoft.Network/virtualNetworks/SAP-dev-vnet/subnets/AzureBastionSubnet",
            "name": "AzureBastionSubnet",
            "private_endpoint_network_policies_enabled": true,
            "private_link_service_network_policies_enabled": true,
            "resource_group_name": "SAP-dev-RG-ljhddxea",
            "service_endpoint_policy_ids": null,
            "service_endpoints": null,
            "timeouts": null,
            "virtual_network_name": "SAP-dev-vnet"
          },
          "sensitive_attributes": [],
          "private": "eyJlMmJmYjczMC1lY2FhLTExZTYtOGY4OC0zNDM2M2JjN2M0YzAiOnsiY3JlYXRlIjoxODAwMDAwMDAwMDAwLCJkZWxldGUiOjE4MDAwMDAwMDAwMDAsInJlYWQiOjMwMDAwMDAwMDAwMCwidXBkYXRlIjoxODAwMDAwMDAwMDAwfX0=",
          "dependencies": [
            "azurerm_resource_group.rg",
            "azurerm_virtual_network.my-vnet1",
            "random_string.random"
          ]
        }
      ]
    },
    {
      "mode": "managed",
      "type": "azurerm_subnet",
      "name": "db-subnet",
      "provider": "provider[\"registry.terraform.io/hashicorp/azurerm\"]",
      "instances": [
        {
          "schema_version": 0,
          "attributes": {
            "address_prefixes": [
              "10.0.21.0/24"
            ],
            "delegation": [],
            "enforce_private_link_endpoint_network_policies": false,
            "enforce_private_link_service_network_policies": false,
            "id": "/subscriptions/57498e65-d4a7-4935-b48b-a46c85d91999/resourceGroups/SAP-dev-RG-ljhddxea/providers/Microsoft.Network/virtualNetworks/SAP-dev-vnet/subnets/SAP-dev-vnet-db-subnet",
            "name": "SAP-dev-vnet-db-subnet",
            "private_endpoint_network_policies_enabled": true,
            "private_link_service_network_policies_enabled": true,
            "resource_group_name": "SAP-dev-RG-ljhddxea",
            "service_endpoint_policy_ids": null,
            "service_endpoints": null,
            "timeouts": null,
            "virtual_network_name": "SAP-dev-vnet"
          },
          "sensitive_attributes": [],
          "private": "eyJlMmJmYjczMC1lY2FhLTExZTYtOGY4OC0zNDM2M2JjN2M0YzAiOnsiY3JlYXRlIjoxODAwMDAwMDAwMDAwLCJkZWxldGUiOjE4MDAwMDAwMDAwMDAsInJlYWQiOjMwMDAwMDAwMDAwMCwidXBkYXRlIjoxODAwMDAwMDAwMDAwfX0=",
          "dependencies": [
            "azurerm_resource_group.rg",
            "azurerm_virtual_network.my-vnet1",
            "random_string.random"
          ]
        }
      ]
    },
    {
      "mode": "managed",
      "type": "azurerm_subnet",
      "name": "web-subnet",
      "provider": "provider[\"registry.terraform.io/hashicorp/azurerm\"]",
      "instances": [
        {
          "schema_version": 0,
          "attributes": {
            "address_prefixes": [
              "10.0.1.0/24"
            ],
            "delegation": [],
            "enforce_private_link_endpoint_network_policies": false,
            "enforce_private_link_service_network_policies": false,
            "id": "/subscriptions/57498e65-d4a7-4935-b48b-a46c85d91999/resourceGroups/SAP-dev-RG-ljhddxea/providers/Microsoft.Network/virtualNetworks/SAP-dev-vnet/subnets/SAP-dev-vnet-web-subnet",
            "name": "SAP-dev-vnet-web-subnet",
            "private_endpoint_network_policies_enabled": true,
            "private_link_service_network_policies_enabled": true,
            "resource_group_name": "SAP-dev-RG-ljhddxea",
            "service_endpoint_policy_ids": null,
            "service_endpoints": null,
            "timeouts": null,
            "virtual_network_name": "SAP-dev-vnet"
          },
          "sensitive_attributes": [],
          "private": "eyJlMmJmYjczMC1lY2FhLTExZTYtOGY4OC0zNDM2M2JjN2M0YzAiOnsiY3JlYXRlIjoxODAwMDAwMDAwMDAwLCJkZWxldGUiOjE4MDAwMDAwMDAwMDAsInJlYWQiOjMwMDAwMDAwMDAwMCwidXBkYXRlIjoxODAwMDAwMDAwMDAwfX0=",
          "dependencies": [
            "azurerm_resource_group.rg",
            "azurerm_virtual_network.my-vnet1",
            "random_string.random"
          ]
        }
      ]
    },
    {
      "mode": "managed",
      "type": "azurerm_subnet_nat_gateway_association",
      "name": "natgw_appsubnet_associate",
      "provider": "provider[\"registry.terraform.io/hashicorp/azurerm\"]",
      "instances": [
        {
          "schema_version": 0,
          "attributes": {
            "id": "/subscriptions/57498e65-d4a7-4935-b48b-a46c85d91999/resourceGroups/SAP-dev-RG-ljhddxea/providers/Microsoft.Network/virtualNetworks/SAP-dev-vnet/subnets/SAP-dev-vnet-app-subnet",
            "nat_gateway_id": "/subscriptions/57498e65-d4a7-4935-b48b-a46c85d91999/resourceGroups/SAP-dev-RG-ljhddxea/providers/Microsoft.Network/natGateways/app-natgw",
            "subnet_id": "/subscriptions/57498e65-d4a7-4935-b48b-a46c85d91999/resourceGroups/SAP-dev-RG-ljhddxea/providers/Microsoft.Network/virtualNetworks/SAP-dev-vnet/subnets/SAP-dev-vnet-app-subnet",
            "timeouts": null
          },
          "sensitive_attributes": [],
          "private": "eyJlMmJmYjczMC1lY2FhLTExZTYtOGY4OC0zNDM2M2JjN2M0YzAiOnsiY3JlYXRlIjoxODAwMDAwMDAwMDAwLCJkZWxldGUiOjE4MDAwMDAwMDAwMDAsInJlYWQiOjMwMDAwMDAwMDAwMCwidXBkYXRlIjoxODAwMDAwMDAwMDAwfX0=",
          "dependencies": [
            "azurerm_nat_gateway.natgw",
            "azurerm_resource_group.rg",
            "azurerm_subnet.app-subnet",
            "azurerm_virtual_network.my-vnet1",
            "random_string.random"
          ]
        }
      ]
    },
    {
      "mode": "managed",
      "type": "azurerm_subnet_network_security_group_association",
      "name": "app-subnet-nsg-associate",
      "provider": "provider[\"registry.terraform.io/hashicorp/azurerm\"]",
      "instances": [
        {
          "schema_version": 0,
          "attributes": {
            "id": "/subscriptions/57498e65-d4a7-4935-b48b-a46c85d91999/resourceGroups/SAP-dev-RG-ljhddxea/providers/Microsoft.Network/virtualNetworks/SAP-dev-vnet/subnets/SAP-dev-vnet-app-subnet",
            "network_security_group_id": "/subscriptions/57498e65-d4a7-4935-b48b-a46c85d91999/resourceGroups/SAP-dev-RG-ljhddxea/providers/Microsoft.Network/networkSecurityGroups/SAP-dev-vnet-app-subnet-nsg",
            "subnet_id": "/subscriptions/57498e65-d4a7-4935-b48b-a46c85d91999/resourceGroups/SAP-dev-RG-ljhddxea/providers/Microsoft.Network/virtualNetworks/SAP-dev-vnet/subnets/SAP-dev-vnet-app-subnet",
            "timeouts": null
          },
          "sensitive_attributes": [],
          "private": "eyJlMmJmYjczMC1lY2FhLTExZTYtOGY4OC0zNDM2M2JjN2M0YzAiOnsiY3JlYXRlIjoxODAwMDAwMDAwMDAwLCJkZWxldGUiOjE4MDAwMDAwMDAwMDAsInJlYWQiOjMwMDAwMDAwMDAwMCwidXBkYXRlIjoxODAwMDAwMDAwMDAwfX0=",
          "dependencies": [
            "azurerm_network_security_group.app-nsg",
            "azurerm_network_security_rule.app_subnet_inbound",
            "azurerm_resource_group.rg",
            "azurerm_subnet.app-subnet",
            "azurerm_virtual_network.my-vnet1",
            "random_string.random"
          ]
        }
      ]
    },
    {
      "mode": "managed",
      "type": "azurerm_subnet_network_security_group_association",
      "name": "bastion-subnet-nsg-associate",
      "provider": "provider[\"registry.terraform.io/hashicorp/azurerm\"]",
      "instances": [
        {
          "schema_version": 0,
          "attributes": {
            "id": "/subscriptions/57498e65-d4a7-4935-b48b-a46c85d91999/resourceGroups/SAP-dev-RG-ljhddxea/providers/Microsoft.Network/virtualNetworks/SAP-dev-vnet/subnets/SAP-dev-vnet-bastion-subnet",
            "network_security_group_id": "/subscriptions/57498e65-d4a7-4935-b48b-a46c85d91999/resourceGroups/SAP-dev-RG-ljhddxea/providers/Microsoft.Network/networkSecurityGroups/SAP-dev-vnet-bastion-subnet-nsg",
            "subnet_id": "/subscriptions/57498e65-d4a7-4935-b48b-a46c85d91999/resourceGroups/SAP-dev-RG-ljhddxea/providers/Microsoft.Network/virtualNetworks/SAP-dev-vnet/subnets/SAP-dev-vnet-bastion-subnet",
            "timeouts": null
          },
          "sensitive_attributes": [],
          "private": "eyJlMmJmYjczMC1lY2FhLTExZTYtOGY4OC0zNDM2M2JjN2M0YzAiOnsiY3JlYXRlIjoxODAwMDAwMDAwMDAwLCJkZWxldGUiOjE4MDAwMDAwMDAwMDAsInJlYWQiOjMwMDAwMDAwMDAwMCwidXBkYXRlIjoxODAwMDAwMDAwMDAwfX0=",
          "dependencies": [
            "azurerm_network_security_group.bastion-nsg",
            "azurerm_network_security_rule.bastion_subnet_inbound",
            "azurerm_resource_group.rg",
            "azurerm_subnet.bastion-subnet",
            "azurerm_virtual_network.my-vnet1",
            "random_string.random"
          ]
        }
      ]
    },
    {
      "mode": "managed",
      "type": "azurerm_subnet_network_security_group_association",
      "name": "db-subnet-nsg-associate",
      "provider": "provider[\"registry.terraform.io/hashicorp/azurerm\"]",
      "instances": [
        {
          "schema_version": 0,
          "attributes": {
            "id": "/subscriptions/57498e65-d4a7-4935-b48b-a46c85d91999/resourceGroups/SAP-dev-RG-ljhddxea/providers/Microsoft.Network/virtualNetworks/SAP-dev-vnet/subnets/SAP-dev-vnet-db-subnet",
            "network_security_group_id": "/subscriptions/57498e65-d4a7-4935-b48b-a46c85d91999/resourceGroups/SAP-dev-RG-ljhddxea/providers/Microsoft.Network/networkSecurityGroups/SAP-dev-vnet-db-subnet-nsg",
            "subnet_id": "/subscriptions/57498e65-d4a7-4935-b48b-a46c85d91999/resourceGroups/SAP-dev-RG-ljhddxea/providers/Microsoft.Network/virtualNetworks/SAP-dev-vnet/subnets/SAP-dev-vnet-db-subnet",
            "timeouts": null
          },
          "sensitive_attributes": [],
          "private": "eyJlMmJmYjczMC1lY2FhLTExZTYtOGY4OC0zNDM2M2JjN2M0YzAiOnsiY3JlYXRlIjoxODAwMDAwMDAwMDAwLCJkZWxldGUiOjE4MDAwMDAwMDAwMDAsInJlYWQiOjMwMDAwMDAwMDAwMCwidXBkYXRlIjoxODAwMDAwMDAwMDAwfX0=",
          "dependencies": [
            "azurerm_network_security_group.db-nsg",
            "azurerm_network_security_rule.db_subnet_inbound",
            "azurerm_resource_group.rg",
            "azurerm_subnet.db-subnet",
            "azurerm_virtual_network.my-vnet1",
            "random_string.random"
          ]
        }
      ]
    },
    {
      "mode": "managed",
      "type": "azurerm_subnet_network_security_group_association",
      "name": "web-subnet-nsg-associate",
      "provider": "provider[\"registry.terraform.io/hashicorp/azurerm\"]",
      "instances": [
        {
          "schema_version": 0,
          "attributes": {
            "id": "/subscriptions/57498e65-d4a7-4935-b48b-a46c85d91999/resourceGroups/SAP-dev-RG-ljhddxea/providers/Microsoft.Network/virtualNetworks/SAP-dev-vnet/subnets/SAP-dev-vnet-web-subnet",
            "network_security_group_id": "/subscriptions/57498e65-d4a7-4935-b48b-a46c85d91999/resourceGroups/SAP-dev-RG-ljhddxea/providers/Microsoft.Network/networkSecurityGroups/SAP-dev-vnet-web-subnet-nsg",
            "subnet_id": "/subscriptions/57498e65-d4a7-4935-b48b-a46c85d91999/resourceGroups/SAP-dev-RG-ljhddxea/providers/Microsoft.Network/virtualNetworks/SAP-dev-vnet/subnets/SAP-dev-vnet-web-subnet",
            "timeouts": null
          },
          "sensitive_attributes": [],
          "private": "eyJlMmJmYjczMC1lY2FhLTExZTYtOGY4OC0zNDM2M2JjN2M0YzAiOnsiY3JlYXRlIjoxODAwMDAwMDAwMDAwLCJkZWxldGUiOjE4MDAwMDAwMDAwMDAsInJlYWQiOjMwMDAwMDAwMDAwMCwidXBkYXRlIjoxODAwMDAwMDAwMDAwfX0=",
          "dependencies": [
            "azurerm_network_security_group.web-nsg",
            "azurerm_network_security_rule.web_subnet_inbound",
            "azurerm_resource_group.rg",
            "azurerm_subnet.web-subnet",
            "azurerm_virtual_network.my-vnet1",
            "random_string.random"
          ]
        }
      ]
    },
    {
      "mode": "managed",
      "type": "azurerm_virtual_network",
      "name": "my-vnet1",
      "provider": "provider[\"registry.terraform.io/hashicorp/azurerm\"]",
      "instances": [
        {
          "schema_version": 0,
          "attributes": {
            "address_space": [
              "10.0.0.0/16"
            ],
            "bgp_community": "",
            "ddos_protection_plan": [],
            "dns_servers": [],
            "edge_zone": "",
            "flow_timeout_in_minutes": 0,
            "guid": "9baa789b-2004-4c20-9f00-caabe0ba6ba4",
            "id": "/subscriptions/57498e65-d4a7-4935-b48b-a46c85d91999/resourceGroups/SAP-dev-RG-ljhddxea/providers/Microsoft.Network/virtualNetworks/SAP-dev-vnet",
            "location": "eastus",
            "name": "SAP-dev-vnet",
            "resource_group_name": "SAP-dev-RG-ljhddxea",
            "subnet": [],
            "tags": {
              "envirnoment": "dev",
              "owners": "SAP"
            },
            "timeouts": null
          },
          "sensitive_attributes": [],
          "private": "eyJlMmJmYjczMC1lY2FhLTExZTYtOGY4OC0zNDM2M2JjN2M0YzAiOnsiY3JlYXRlIjoxODAwMDAwMDAwMDAwLCJkZWxldGUiOjE4MDAwMDAwMDAwMDAsInJlYWQiOjMwMDAwMDAwMDAwMCwidXBkYXRlIjoxODAwMDAwMDAwMDAwfX0=",
          "dependencies": [
            "azurerm_resource_group.rg",
            "random_string.random"
          ]
        }
      ]
    },
    {
      "mode": "managed",
      "type": "null_resource",
      "name": "null_copy_2_bastion",
      "provider": "provider[\"registry.terraform.io/hashicorp/null\"]",
      "instances": [
        {
          "schema_version": 0,
          "attributes": {
            "id": "903762849",
            "triggers": null
          },
          "sensitive_attributes": [],
          "dependencies": [
            "azurerm_linux_virtual_machine.bastion-host-linuxvm",
            "azurerm_network_interface.bastion_host_linuxvm_nic",
            "azurerm_public_ip.bastion_host_pip",
            "azurerm_resource_group.rg",
            "azurerm_subnet.bastion-subnet",
            "azurerm_virtual_network.my-vnet1",
            "random_string.random"
          ]
        }
      ]
    },
    {
      "mode": "managed",
      "type": "random_string",
      "name": "random",
      "provider": "provider[\"registry.terraform.io/hashicorp/random\"]",
      "instances": [
        {
          "schema_version": 2,
          "attributes": {
            "id": "ljhddxea",
            "keepers": null,
            "length": 8,
            "lower": true,
            "min_lower": 0,
            "min_numeric": 0,
            "min_special": 0,
            "min_upper": 0,
            "number": false,
            "numeric": false,
            "override_special": null,
            "result": "ljhddxea",
            "special": false,
            "upper": false
          },
          "sensitive_attributes": []
        }
      ]
    }
  ],
  "check_results": null
}
